// !$*UTF8*$!
{
	archiveVersion = 1;
	classes = {
	};
	objectVersion = 51;
	objects = {

/* Begin PBXBuildFile section */
		875E1DDACB0A97B376431852 /* Pods_VerificationSample.framework in Frameworks */ = {isa = PBXBuildFile; fileRef = BFBFC7B91A1F1AE8FFC7A762 /* Pods_VerificationSample.framework */; };
		B17233F124C5871F00E35C9E /* VerificationDialogController.swift in Sources */ = {isa = PBXBuildFile; fileRef = B17233F024C5871F00E35C9E /* VerificationDialogController.swift */; };
		B17233FF24C6C4B100E35C9E /* MethodButton.swift in Sources */ = {isa = PBXBuildFile; fileRef = B17233FE24C6C4B100E35C9E /* MethodButton.swift */; };
		B172340124C6C62300E35C9E /* UIColorExtensions.swift in Sources */ = {isa = PBXBuildFile; fileRef = B172340024C6C62300E35C9E /* UIColorExtensions.swift */; };
		B1A2ECB624B5D693005A0447 /* VerificationSms.framework in Frameworks */ = {isa = PBXBuildFile; fileRef = B1A2ECB524B5D693005A0447 /* VerificationSms.framework */; };
		B1A2ECB724B5D693005A0447 /* VerificationSms.framework in Embed Frameworks */ = {isa = PBXBuildFile; fileRef = B1A2ECB524B5D693005A0447 /* VerificationSms.framework */; settings = {ATTRIBUTES = (CodeSignOnCopy, RemoveHeadersOnCopy, ); }; };
		B1A2ED2224BF282C005A0447 /* VerificationCore.framework in Frameworks */ = {isa = PBXBuildFile; fileRef = B1A2ED2124BF282C005A0447 /* VerificationCore.framework */; };
		B1A2ED2324BF282C005A0447 /* VerificationCore.framework in Embed Frameworks */ = {isa = PBXBuildFile; fileRef = B1A2ED2124BF282C005A0447 /* VerificationCore.framework */; settings = {ATTRIBUTES = (CodeSignOnCopy, RemoveHeadersOnCopy, ); }; };
		B1EF430924B46C5F009BE30C /* AppDelegate.swift in Sources */ = {isa = PBXBuildFile; fileRef = B1EF430824B46C5F009BE30C /* AppDelegate.swift */; };
		B1EF430B24B46C5F009BE30C /* SceneDelegate.swift in Sources */ = {isa = PBXBuildFile; fileRef = B1EF430A24B46C5F009BE30C /* SceneDelegate.swift */; };
		B1EF430D24B46C5F009BE30C /* VerificationController.swift in Sources */ = {isa = PBXBuildFile; fileRef = B1EF430C24B46C5F009BE30C /* VerificationController.swift */; };
		B1EF431024B46C5F009BE30C /* Main.storyboard in Resources */ = {isa = PBXBuildFile; fileRef = B1EF430E24B46C5F009BE30C /* Main.storyboard */; };
		B1EF431224B46C60009BE30C /* Assets.xcassets in Resources */ = {isa = PBXBuildFile; fileRef = B1EF431124B46C60009BE30C /* Assets.xcassets */; };
		B1EF431524B46C60009BE30C /* LaunchScreen.storyboard in Resources */ = {isa = PBXBuildFile; fileRef = B1EF431324B46C60009BE30C /* LaunchScreen.storyboard */; };
/* End PBXBuildFile section */

/* Begin PBXCopyFilesBuildPhase section */
		B1A2ECB824B5D693005A0447 /* Embed Frameworks */ = {
			isa = PBXCopyFilesBuildPhase;
			buildActionMask = 2147483647;
			dstPath = "";
			dstSubfolderSpec = 10;
			files = (
				B1A2ED2324BF282C005A0447 /* VerificationCore.framework in Embed Frameworks */,
				B1A2ECB724B5D693005A0447 /* VerificationSms.framework in Embed Frameworks */,
			);
			name = "Embed Frameworks";
			runOnlyForDeploymentPostprocessing = 0;
		};
/* End PBXCopyFilesBuildPhase section */

/* Begin PBXFileReference section */
		4A0A77DE58183A197AEF6A05 /* Pods-VerificationSample.debug.xcconfig */ = {isa = PBXFileReference; includeInIndex = 1; lastKnownFileType = text.xcconfig; name = "Pods-VerificationSample.debug.xcconfig"; path = "Target Support Files/Pods-VerificationSample/Pods-VerificationSample.debug.xcconfig"; sourceTree = "<group>"; };
		B17233F024C5871F00E35C9E /* VerificationDialogController.swift */ = {isa = PBXFileReference; lastKnownFileType = sourcecode.swift; path = VerificationDialogController.swift; sourceTree = "<group>"; };
		B17233FE24C6C4B100E35C9E /* MethodButton.swift */ = {isa = PBXFileReference; lastKnownFileType = sourcecode.swift; path = MethodButton.swift; sourceTree = "<group>"; };
		B172340024C6C62300E35C9E /* UIColorExtensions.swift */ = {isa = PBXFileReference; lastKnownFileType = sourcecode.swift; path = UIColorExtensions.swift; sourceTree = "<group>"; };
		B1A2ECB524B5D693005A0447 /* VerificationSms.framework */ = {isa = PBXFileReference; explicitFileType = wrapper.framework; path = VerificationSms.framework; sourceTree = BUILT_PRODUCTS_DIR; };
		B1A2ED2124BF282C005A0447 /* VerificationCore.framework */ = {isa = PBXFileReference; explicitFileType = wrapper.framework; path = VerificationCore.framework; sourceTree = BUILT_PRODUCTS_DIR; };
		B1EF430524B46C5F009BE30C /* VerificationSample.app */ = {isa = PBXFileReference; explicitFileType = wrapper.application; includeInIndex = 0; path = VerificationSample.app; sourceTree = BUILT_PRODUCTS_DIR; };
		B1EF430824B46C5F009BE30C /* AppDelegate.swift */ = {isa = PBXFileReference; lastKnownFileType = sourcecode.swift; path = AppDelegate.swift; sourceTree = "<group>"; };
		B1EF430A24B46C5F009BE30C /* SceneDelegate.swift */ = {isa = PBXFileReference; lastKnownFileType = sourcecode.swift; path = SceneDelegate.swift; sourceTree = "<group>"; };
		B1EF430C24B46C5F009BE30C /* VerificationController.swift */ = {isa = PBXFileReference; lastKnownFileType = sourcecode.swift; path = VerificationController.swift; sourceTree = "<group>"; };
		B1EF430F24B46C5F009BE30C /* Base */ = {isa = PBXFileReference; lastKnownFileType = file.storyboard; name = Base; path = Base.lproj/Main.storyboard; sourceTree = "<group>"; };
		B1EF431124B46C60009BE30C /* Assets.xcassets */ = {isa = PBXFileReference; lastKnownFileType = folder.assetcatalog; path = Assets.xcassets; sourceTree = "<group>"; };
		B1EF431424B46C60009BE30C /* Base */ = {isa = PBXFileReference; lastKnownFileType = file.storyboard; name = Base; path = Base.lproj/LaunchScreen.storyboard; sourceTree = "<group>"; };
		B1EF431624B46C60009BE30C /* Info.plist */ = {isa = PBXFileReference; lastKnownFileType = text.plist.xml; path = Info.plist; sourceTree = "<group>"; };
		B1EF434524B59EBC009BE30C /* VerificationCore.framework */ = {isa = PBXFileReference; explicitFileType = wrapper.framework; path = VerificationCore.framework; sourceTree = BUILT_PRODUCTS_DIR; };
		BFBFC7B91A1F1AE8FFC7A762 /* Pods_VerificationSample.framework */ = {isa = PBXFileReference; explicitFileType = wrapper.framework; includeInIndex = 0; path = Pods_VerificationSample.framework; sourceTree = BUILT_PRODUCTS_DIR; };
		EE49D6251AE297B5FC6EDDD6 /* Pods-VerificationSample.release.xcconfig */ = {isa = PBXFileReference; includeInIndex = 1; lastKnownFileType = text.xcconfig; name = "Pods-VerificationSample.release.xcconfig"; path = "Target Support Files/Pods-VerificationSample/Pods-VerificationSample.release.xcconfig"; sourceTree = "<group>"; };
/* End PBXFileReference section */

/* Begin PBXFrameworksBuildPhase section */
		B1EF430224B46C5F009BE30C /* Frameworks */ = {
			isa = PBXFrameworksBuildPhase;
			buildActionMask = 2147483647;
			files = (
				B1A2ED2224BF282C005A0447 /* VerificationCore.framework in Frameworks */,
				B1A2ECB624B5D693005A0447 /* VerificationSms.framework in Frameworks */,
				875E1DDACB0A97B376431852 /* Pods_VerificationSample.framework in Frameworks */,
			);
			runOnlyForDeploymentPostprocessing = 0;
		};
/* End PBXFrameworksBuildPhase section */

/* Begin PBXGroup section */
		B1EF42FC24B46C5F009BE30C = {
			isa = PBXGroup;
			children = (
				B1EF430724B46C5F009BE30C /* VerificationSample */,
				B1EF430624B46C5F009BE30C /* Products */,
				B1EF434424B59EBC009BE30C /* Frameworks */,
				D66B24F55F91605975DF3A3C /* Pods */,
			);
			sourceTree = "<group>";
		};
		B1EF430624B46C5F009BE30C /* Products */ = {
			isa = PBXGroup;
			children = (
				B1EF430524B46C5F009BE30C /* VerificationSample.app */,
			);
			name = Products;
			sourceTree = "<group>";
		};
		B1EF430724B46C5F009BE30C /* VerificationSample */ = {
			isa = PBXGroup;
			children = (
				B1EF430824B46C5F009BE30C /* AppDelegate.swift */,
				B1EF430A24B46C5F009BE30C /* SceneDelegate.swift */,
				B1EF430C24B46C5F009BE30C /* VerificationController.swift */,
				B17233F024C5871F00E35C9E /* VerificationDialogController.swift */,
				B1EF430E24B46C5F009BE30C /* Main.storyboard */,
				B1EF431124B46C60009BE30C /* Assets.xcassets */,
				B1EF431324B46C60009BE30C /* LaunchScreen.storyboard */,
				B1EF431624B46C60009BE30C /* Info.plist */,
				B17233FE24C6C4B100E35C9E /* MethodButton.swift */,
				B172340024C6C62300E35C9E /* UIColorExtensions.swift */,
			);
			path = VerificationSample;
			sourceTree = "<group>";
		};
		B1EF434424B59EBC009BE30C /* Frameworks */ = {
			isa = PBXGroup;
			children = (
				B1A2ED2124BF282C005A0447 /* VerificationCore.framework */,
				B1A2ECB524B5D693005A0447 /* VerificationSms.framework */,
				B1EF434524B59EBC009BE30C /* VerificationCore.framework */,
				BFBFC7B91A1F1AE8FFC7A762 /* Pods_VerificationSample.framework */,
			);
			name = Frameworks;
			sourceTree = "<group>";
		};
		D66B24F55F91605975DF3A3C /* Pods */ = {
			isa = PBXGroup;
			children = (
				4A0A77DE58183A197AEF6A05 /* Pods-VerificationSample.debug.xcconfig */,
				EE49D6251AE297B5FC6EDDD6 /* Pods-VerificationSample.release.xcconfig */,
			);
			name = Pods;
			path = ../Pods;
			sourceTree = "<group>";
		};
/* End PBXGroup section */

/* Begin PBXNativeTarget section */
		B1EF430424B46C5F009BE30C /* VerificationSample */ = {
			isa = PBXNativeTarget;
			buildConfigurationList = B1EF431924B46C60009BE30C /* Build configuration list for PBXNativeTarget "VerificationSample" */;
			buildPhases = (
				9CF4D04C79988F5ADA2D8364 /* [CP] Check Pods Manifest.lock */,
				B1EF430124B46C5F009BE30C /* Sources */,
				B1EF430224B46C5F009BE30C /* Frameworks */,
				B1EF430324B46C5F009BE30C /* Resources */,
				B1A2ECB824B5D693005A0447 /* Embed Frameworks */,
				9ACA4AE6B17FF202A02F0FF8 /* [CP] Embed Pods Frameworks */,
			);
			buildRules = (
			);
			dependencies = (
			);
			name = VerificationSample;
			productName = VerificationSample;
			productReference = B1EF430524B46C5F009BE30C /* VerificationSample.app */;
			productType = "com.apple.product-type.application";
		};
/* End PBXNativeTarget section */

/* Begin PBXProject section */
		B1EF42FD24B46C5F009BE30C /* Project object */ = {
			isa = PBXProject;
			attributes = {
				LastSwiftUpdateCheck = 1150;
				LastUpgradeCheck = 1150;
				ORGANIZATIONNAME = "Aleksander Wojcik";
				TargetAttributes = {
					B1EF430424B46C5F009BE30C = {
						CreatedOnToolsVersion = 11.5;
					};
				};
			};
			buildConfigurationList = B1EF430024B46C5F009BE30C /* Build configuration list for PBXProject "VerificationSample" */;
			compatibilityVersion = "Xcode 9.3";
			developmentRegion = en;
			hasScannedForEncodings = 0;
			knownRegions = (
				en,
				Base,
			);
			mainGroup = B1EF42FC24B46C5F009BE30C;
			productRefGroup = B1EF430624B46C5F009BE30C /* Products */;
			projectDirPath = "";
			projectRoot = "";
			targets = (
				B1EF430424B46C5F009BE30C /* VerificationSample */,
			);
		};
/* End PBXProject section */

/* Begin PBXResourcesBuildPhase section */
		B1EF430324B46C5F009BE30C /* Resources */ = {
			isa = PBXResourcesBuildPhase;
			buildActionMask = 2147483647;
			files = (
				B1EF431524B46C60009BE30C /* LaunchScreen.storyboard in Resources */,
				B1EF431224B46C60009BE30C /* Assets.xcassets in Resources */,
				B1EF431024B46C5F009BE30C /* Main.storyboard in Resources */,
			);
			runOnlyForDeploymentPostprocessing = 0;
		};
/* End PBXResourcesBuildPhase section */

/* Begin PBXShellScriptBuildPhase section */
		9ACA4AE6B17FF202A02F0FF8 /* [CP] Embed Pods Frameworks */ = {
			isa = PBXShellScriptBuildPhase;
			buildActionMask = 2147483647;
			files = (
			);
			inputFileListPaths = (
				"${PODS_ROOT}/Target Support Files/Pods-VerificationSample/Pods-VerificationSample-frameworks-${CONFIGURATION}-input-files.xcfilelist",
			);
			name = "[CP] Embed Pods Frameworks";
			outputFileListPaths = (
				"${PODS_ROOT}/Target Support Files/Pods-VerificationSample/Pods-VerificationSample-frameworks-${CONFIGURATION}-output-files.xcfilelist",
			);
			runOnlyForDeploymentPostprocessing = 0;
			shellPath = /bin/sh;
			shellScript = "\"${PODS_ROOT}/Target Support Files/Pods-VerificationSample/Pods-VerificationSample-frameworks.sh\"\n";
			showEnvVarsInLog = 0;
		};
		9CF4D04C79988F5ADA2D8364 /* [CP] Check Pods Manifest.lock */ = {
			isa = PBXShellScriptBuildPhase;
			buildActionMask = 2147483647;
			files = (
			);
			inputFileListPaths = (
			);
			inputPaths = (
				"${PODS_PODFILE_DIR_PATH}/Podfile.lock",
				"${PODS_ROOT}/Manifest.lock",
			);
			name = "[CP] Check Pods Manifest.lock";
			outputFileListPaths = (
			);
			outputPaths = (
				"$(DERIVED_FILE_DIR)/Pods-VerificationSample-checkManifestLockResult.txt",
			);
			runOnlyForDeploymentPostprocessing = 0;
			shellPath = /bin/sh;
			shellScript = "diff \"${PODS_PODFILE_DIR_PATH}/Podfile.lock\" \"${PODS_ROOT}/Manifest.lock\" > /dev/null\nif [ $? != 0 ] ; then\n    # print error to STDERR\n    echo \"error: The sandbox is not in sync with the Podfile.lock. Run 'pod install' or update your CocoaPods installation.\" >&2\n    exit 1\nfi\n# This output is used by Xcode 'outputs' to avoid re-running this script phase.\necho \"SUCCESS\" > \"${SCRIPT_OUTPUT_FILE_0}\"\n";
			showEnvVarsInLog = 0;
		};
/* End PBXShellScriptBuildPhase section */

/* Begin PBXSourcesBuildPhase section */
		B1EF430124B46C5F009BE30C /* Sources */ = {
			isa = PBXSourcesBuildPhase;
			buildActionMask = 2147483647;
			files = (
				B17233F124C5871F00E35C9E /* VerificationDialogController.swift in Sources */,
				B17233FF24C6C4B100E35C9E /* MethodButton.swift in Sources */,
				B1EF430D24B46C5F009BE30C /* VerificationController.swift in Sources */,
				B172340124C6C62300E35C9E /* UIColorExtensions.swift in Sources */,
				B1EF430924B46C5F009BE30C /* AppDelegate.swift in Sources */,
				B1EF430B24B46C5F009BE30C /* SceneDelegate.swift in Sources */,
			);
			runOnlyForDeploymentPostprocessing = 0;
		};
/* End PBXSourcesBuildPhase section */

/* Begin PBXVariantGroup section */
		B1EF430E24B46C5F009BE30C /* Main.storyboard */ = {
			isa = PBXVariantGroup;
			children = (
				B1EF430F24B46C5F009BE30C /* Base */,
			);
			name = Main.storyboard;
			sourceTree = "<group>";
		};
		B1EF431324B46C60009BE30C /* LaunchScreen.storyboard */ = {
			isa = PBXVariantGroup;
			children = (
				B1EF431424B46C60009BE30C /* Base */,
			);
			name = LaunchScreen.storyboard;
			sourceTree = "<group>";
		};
/* End PBXVariantGroup section */

/* Begin XCBuildConfiguration section */
		B1EF431724B46C60009BE30C /* Debug */ = {
			isa = XCBuildConfiguration;
			buildSettings = {
				ALWAYS_SEARCH_USER_PATHS = NO;
				CLANG_ANALYZER_NONNULL = YES;
				CLANG_ANALYZER_NUMBER_OBJECT_CONVERSION = YES_AGGRESSIVE;
				CLANG_CXX_LANGUAGE_STANDARD = "gnu++14";
				CLANG_CXX_LIBRARY = "libc++";
				CLANG_ENABLE_MODULES = YES;
				CLANG_ENABLE_OBJC_ARC = YES;
				CLANG_ENABLE_OBJC_WEAK = YES;
				CLANG_WARN_BLOCK_CAPTURE_AUTORELEASING = YES;
				CLANG_WARN_BOOL_CONVERSION = YES;
				CLANG_WARN_COMMA = YES;
				CLANG_WARN_CONSTANT_CONVERSION = YES;
				CLANG_WARN_DEPRECATED_OBJC_IMPLEMENTATIONS = YES;
				CLANG_WARN_DIRECT_OBJC_ISA_USAGE = YES_ERROR;
				CLANG_WARN_DOCUMENTATION_COMMENTS = YES;
				CLANG_WARN_EMPTY_BODY = YES;
				CLANG_WARN_ENUM_CONVERSION = YES;
				CLANG_WARN_INFINITE_RECURSION = YES;
				CLANG_WARN_INT_CONVERSION = YES;
				CLANG_WARN_NON_LITERAL_NULL_CONVERSION = YES;
				CLANG_WARN_OBJC_IMPLICIT_RETAIN_SELF = YES;
				CLANG_WARN_OBJC_LITERAL_CONVERSION = YES;
				CLANG_WARN_OBJC_ROOT_CLASS = YES_ERROR;
				CLANG_WARN_RANGE_LOOP_ANALYSIS = YES;
				CLANG_WARN_STRICT_PROTOTYPES = YES;
				CLANG_WARN_SUSPICIOUS_MOVE = YES;
				CLANG_WARN_UNGUARDED_AVAILABILITY = YES_AGGRESSIVE;
				CLANG_WARN_UNREACHABLE_CODE = YES;
				CLANG_WARN__DUPLICATE_METHOD_MATCH = YES;
				COPY_PHASE_STRIP = NO;
				DEBUG_INFORMATION_FORMAT = dwarf;
				ENABLE_STRICT_OBJC_MSGSEND = YES;
				ENABLE_TESTABILITY = YES;
				GCC_C_LANGUAGE_STANDARD = gnu11;
				GCC_DYNAMIC_NO_PIC = NO;
				GCC_NO_COMMON_BLOCKS = YES;
				GCC_OPTIMIZATION_LEVEL = 0;
				GCC_PREPROCESSOR_DEFINITIONS = (
					"DEBUG=1",
					"$(inherited)",
				);
				GCC_WARN_64_TO_32_BIT_CONVERSION = YES;
				GCC_WARN_ABOUT_RETURN_TYPE = YES_ERROR;
				GCC_WARN_UNDECLARED_SELECTOR = YES;
				GCC_WARN_UNINITIALIZED_AUTOS = YES_AGGRESSIVE;
				GCC_WARN_UNUSED_FUNCTION = YES;
				GCC_WARN_UNUSED_VARIABLE = YES;
				IPHONEOS_DEPLOYMENT_TARGET = 13.5;
				MTL_ENABLE_DEBUG_INFO = INCLUDE_SOURCE;
				MTL_FAST_MATH = YES;
				ONLY_ACTIVE_ARCH = YES;
				SDKROOT = iphoneos;
				SWIFT_ACTIVE_COMPILATION_CONDITIONS = DEBUG;
				SWIFT_OPTIMIZATION_LEVEL = "-Onone";
			};
			name = Debug;
		};
		B1EF431824B46C60009BE30C /* Release */ = {
			isa = XCBuildConfiguration;
			buildSettings = {
				ALWAYS_SEARCH_USER_PATHS = NO;
				CLANG_ANALYZER_NONNULL = YES;
				CLANG_ANALYZER_NUMBER_OBJECT_CONVERSION = YES_AGGRESSIVE;
				CLANG_CXX_LANGUAGE_STANDARD = "gnu++14";
				CLANG_CXX_LIBRARY = "libc++";
				CLANG_ENABLE_MODULES = YES;
				CLANG_ENABLE_OBJC_ARC = YES;
				CLANG_ENABLE_OBJC_WEAK = YES;
				CLANG_WARN_BLOCK_CAPTURE_AUTORELEASING = YES;
				CLANG_WARN_BOOL_CONVERSION = YES;
				CLANG_WARN_COMMA = YES;
				CLANG_WARN_CONSTANT_CONVERSION = YES;
				CLANG_WARN_DEPRECATED_OBJC_IMPLEMENTATIONS = YES;
				CLANG_WARN_DIRECT_OBJC_ISA_USAGE = YES_ERROR;
				CLANG_WARN_DOCUMENTATION_COMMENTS = YES;
				CLANG_WARN_EMPTY_BODY = YES;
				CLANG_WARN_ENUM_CONVERSION = YES;
				CLANG_WARN_INFINITE_RECURSION = YES;
				CLANG_WARN_INT_CONVERSION = YES;
				CLANG_WARN_NON_LITERAL_NULL_CONVERSION = YES;
				CLANG_WARN_OBJC_IMPLICIT_RETAIN_SELF = YES;
				CLANG_WARN_OBJC_LITERAL_CONVERSION = YES;
				CLANG_WARN_OBJC_ROOT_CLASS = YES_ERROR;
				CLANG_WARN_RANGE_LOOP_ANALYSIS = YES;
				CLANG_WARN_STRICT_PROTOTYPES = YES;
				CLANG_WARN_SUSPICIOUS_MOVE = YES;
				CLANG_WARN_UNGUARDED_AVAILABILITY = YES_AGGRESSIVE;
				CLANG_WARN_UNREACHABLE_CODE = YES;
				CLANG_WARN__DUPLICATE_METHOD_MATCH = YES;
				COPY_PHASE_STRIP = NO;
				DEBUG_INFORMATION_FORMAT = "dwarf-with-dsym";
				ENABLE_NS_ASSERTIONS = NO;
				ENABLE_STRICT_OBJC_MSGSEND = YES;
				GCC_C_LANGUAGE_STANDARD = gnu11;
				GCC_NO_COMMON_BLOCKS = YES;
				GCC_WARN_64_TO_32_BIT_CONVERSION = YES;
				GCC_WARN_ABOUT_RETURN_TYPE = YES_ERROR;
				GCC_WARN_UNDECLARED_SELECTOR = YES;
				GCC_WARN_UNINITIALIZED_AUTOS = YES_AGGRESSIVE;
				GCC_WARN_UNUSED_FUNCTION = YES;
				GCC_WARN_UNUSED_VARIABLE = YES;
				IPHONEOS_DEPLOYMENT_TARGET = 13.5;
				MTL_ENABLE_DEBUG_INFO = NO;
				MTL_FAST_MATH = YES;
				SDKROOT = iphoneos;
				SWIFT_COMPILATION_MODE = wholemodule;
				SWIFT_OPTIMIZATION_LEVEL = "-O";
				VALIDATE_PRODUCT = YES;
			};
			name = Release;
		};
		B1EF431A24B46C60009BE30C /* Debug */ = {
			isa = XCBuildConfiguration;
			baseConfigurationReference = 4A0A77DE58183A197AEF6A05 /* Pods-VerificationSample.debug.xcconfig */;
			buildSettings = {
				CODE_SIGN_STYLE = Automatic;
				INFOPLIST_FILE = VerificationSample/Info.plist;
				LD_RUNPATH_SEARCH_PATHS = (
					"$(inherited)",
					"@executable_path/Frameworks",
				);
				PRODUCT_BUNDLE_IDENTIFIER = com.sinch.VerificationSample;
				PRODUCT_NAME = "$(TARGET_NAME)";
				SWIFT_VERSION = 5.0;
				TARGETED_DEVICE_FAMILY = "1,2";
			};
			name = Debug;
		};
		B1EF431B24B46C60009BE30C /* Release */ = {
			isa = XCBuildConfiguration;
			baseConfigurationReference = EE49D6251AE297B5FC6EDDD6 /* Pods-VerificationSample.release.xcconfig */;
			buildSettings = {
				CODE_SIGN_STYLE = Automatic;
				INFOPLIST_FILE = VerificationSample/Info.plist;
				LD_RUNPATH_SEARCH_PATHS = (
					"$(inherited)",
					"@executable_path/Frameworks",
				);
				PRODUCT_BUNDLE_IDENTIFIER = com.sinch.VerificationSample;
				PRODUCT_NAME = "$(TARGET_NAME)";
				SWIFT_VERSION = 5.0;
				TARGETED_DEVICE_FAMILY = "1,2";
			};
			name = Release;
		};
/* End XCBuildConfiguration section */

/* Begin XCConfigurationList section */
		B1EF430024B46C5F009BE30C /* Build configuration list for PBXProject "VerificationSample" */ = {
			isa = XCConfigurationList;
			buildConfigurations = (
				B1EF431724B46C60009BE30C /* Debug */,
				B1EF431824B46C60009BE30C /* Release */,
			);
			defaultConfigurationIsVisible = 0;
			defaultConfigurationName = Debug;
		};
		B1EF431924B46C60009BE30C /* Build configuration list for PBXNativeTarget "VerificationSample" */ = {
			isa = XCConfigurationList;
			buildConfigurations = (
				B1EF431A24B46C60009BE30C /* Debug */,
				B1EF431B24B46C60009BE30C /* Release */,
			);
			defaultConfigurationIsVisible = 0;
			defaultConfigurationName = Debug;
		};
/* End XCConfigurationList section */
	};
	rootObject = B1EF42FD24B46C5F009BE30C /* Project object */;
}
