// !$*UTF8*$!
{
	archiveVersion = 1;
	classes = {
	};
	objectVersion = 50;
	objects = {

/* Begin PBXBuildFile section */
		42E6D1BDCDBDADFD640317C9 /* Pods_VerificationAll.framework in Frameworks */ = {isa = PBXBuildFile; fileRef = FF530381340418609B1A017D /* Pods_VerificationAll.framework */; };
		4EEFE27507372300FBDF96AD /* Pods_VerificationAll_VerificationAllTests.framework in Frameworks */ = {isa = PBXBuildFile; fileRef = 4077CDA0D0469095F0DC7C7C /* Pods_VerificationAll_VerificationAllTests.framework */; };
		B1105C6924D827C600788DEB /* VerificationCallout.framework in Frameworks */ = {isa = PBXBuildFile; fileRef = B1105C5F24D8269300788DEB /* VerificationCallout.framework */; };
		B158992D24DA7375000F4133 /* VerificationSeamless.framework in Frameworks */ = {isa = PBXBuildFile; fileRef = B158992C24DA7375000F4133 /* VerificationSeamless.framework */; };
		B158992E24DA7375000F4133 /* VerificationSeamless.framework in Embed Frameworks */ = {isa = PBXBuildFile; fileRef = B158992C24DA7375000F4133 /* VerificationSeamless.framework */; settings = {ATTRIBUTES = (CodeSignOnCopy, RemoveHeadersOnCopy, ); }; };
		B15F705A24D415F2009A2E40 /* VerificationAll.framework in Frameworks */ = {isa = PBXBuildFile; fileRef = B15F705024D415F2009A2E40 /* VerificationAll.framework */; };
		B15F706124D415F2009A2E40 /* VerificationAll.h in Headers */ = {isa = PBXBuildFile; fileRef = B15F705324D415F2009A2E40 /* VerificationAll.h */; settings = {ATTRIBUTES = (Public, ); }; };
		B15F706D24D4167B009A2E40 /* VerificationFlashcall.framework in Frameworks */ = {isa = PBXBuildFile; fileRef = B15F706C24D4167B009A2E40 /* VerificationFlashcall.framework */; };
		B15F706F24D4167B009A2E40 /* VerificationSms.framework in Frameworks */ = {isa = PBXBuildFile; fileRef = B15F706E24D4167B009A2E40 /* VerificationSms.framework */; };
		B15F707124D416A3009A2E40 /* CommonVerificationInitializationParameters.swift in Sources */ = {isa = PBXBuildFile; fileRef = B15F707024D416A3009A2E40 /* CommonVerificationInitializationParameters.swift */; };
		B15F707324D416BF009A2E40 /* VerificationCore.framework in Frameworks */ = {isa = PBXBuildFile; fileRef = B15F707224D416BF009A2E40 /* VerificationCore.framework */; };
		B15F707524D41779009A2E40 /* VerificationMethodsBuilder.swift in Sources */ = {isa = PBXBuildFile; fileRef = B15F707424D41779009A2E40 /* VerificationMethodsBuilder.swift */; };
		B1CDF66E24D80EBB0085AC29 /* CommonVerificationMethodsInitiationListener.swift in Sources */ = {isa = PBXBuildFile; fileRef = B1CDF66D24D80EBB0085AC29 /* CommonVerificationMethodsInitiationListener.swift */; };
/* End PBXBuildFile section */

/* Begin PBXContainerItemProxy section */
		B15F705B24D415F2009A2E40 /* PBXContainerItemProxy */ = {
			isa = PBXContainerItemProxy;
			containerPortal = B15F704724D415F2009A2E40 /* Project object */;
			proxyType = 1;
			remoteGlobalIDString = B15F704F24D415F2009A2E40;
			remoteInfo = VerificationAll;
		};
/* End PBXContainerItemProxy section */

/* Begin PBXCopyFilesBuildPhase section */
		B158992F24DA7375000F4133 /* Embed Frameworks */ = {
			isa = PBXCopyFilesBuildPhase;
			buildActionMask = 2147483647;
			dstPath = "";
			dstSubfolderSpec = 10;
			files = (
				B158992E24DA7375000F4133 /* VerificationSeamless.framework in Embed Frameworks */,
			);
			name = "Embed Frameworks";
			runOnlyForDeploymentPostprocessing = 0;
		};
/* End PBXCopyFilesBuildPhase section */

/* Begin PBXFileReference section */
		0BC05F6CC9A672BEC63509BF /* Pods-VerificationAll.release.xcconfig */ = {isa = PBXFileReference; includeInIndex = 1; lastKnownFileType = text.xcconfig; name = "Pods-VerificationAll.release.xcconfig"; path = "Target Support Files/Pods-VerificationAll/Pods-VerificationAll.release.xcconfig"; sourceTree = "<group>"; };
		25389C7A94035EDF7419BFF7 /* Pods-VerificationAll-VerificationAllTests.debug.xcconfig */ = {isa = PBXFileReference; includeInIndex = 1; lastKnownFileType = text.xcconfig; name = "Pods-VerificationAll-VerificationAllTests.debug.xcconfig"; path = "Target Support Files/Pods-VerificationAll-VerificationAllTests/Pods-VerificationAll-VerificationAllTests.debug.xcconfig"; sourceTree = "<group>"; };
		4077CDA0D0469095F0DC7C7C /* Pods_VerificationAll_VerificationAllTests.framework */ = {isa = PBXFileReference; explicitFileType = wrapper.framework; includeInIndex = 0; path = Pods_VerificationAll_VerificationAllTests.framework; sourceTree = BUILT_PRODUCTS_DIR; };
		65323FFDFFB4F8279537CDDA /* Pods-VerificationAll-VerificationAllTests.release.xcconfig */ = {isa = PBXFileReference; includeInIndex = 1; lastKnownFileType = text.xcconfig; name = "Pods-VerificationAll-VerificationAllTests.release.xcconfig"; path = "Target Support Files/Pods-VerificationAll-VerificationAllTests/Pods-VerificationAll-VerificationAllTests.release.xcconfig"; sourceTree = "<group>"; };
		B1105C5F24D8269300788DEB /* VerificationCallout.framework */ = {isa = PBXFileReference; explicitFileType = wrapper.framework; path = VerificationCallout.framework; sourceTree = BUILT_PRODUCTS_DIR; };
		B158992C24DA7375000F4133 /* VerificationSeamless.framework */ = {isa = PBXFileReference; explicitFileType = wrapper.framework; path = VerificationSeamless.framework; sourceTree = BUILT_PRODUCTS_DIR; };
		B15F705024D415F2009A2E40 /* VerificationAll.framework */ = {isa = PBXFileReference; explicitFileType = wrapper.framework; includeInIndex = 0; path = VerificationAll.framework; sourceTree = BUILT_PRODUCTS_DIR; };
		B15F705324D415F2009A2E40 /* VerificationAll.h */ = {isa = PBXFileReference; lastKnownFileType = sourcecode.c.h; path = VerificationAll.h; sourceTree = "<group>"; };
		B15F705424D415F2009A2E40 /* Info.plist */ = {isa = PBXFileReference; lastKnownFileType = text.plist.xml; path = Info.plist; sourceTree = "<group>"; };
		B15F705924D415F2009A2E40 /* VerificationAllTests.xctest */ = {isa = PBXFileReference; explicitFileType = wrapper.cfbundle; includeInIndex = 0; path = VerificationAllTests.xctest; sourceTree = BUILT_PRODUCTS_DIR; };
		B15F706024D415F2009A2E40 /* Info.plist */ = {isa = PBXFileReference; lastKnownFileType = text.plist.xml; path = Info.plist; sourceTree = "<group>"; };
		B15F706C24D4167B009A2E40 /* VerificationFlashcall.framework */ = {isa = PBXFileReference; explicitFileType = wrapper.framework; path = VerificationFlashcall.framework; sourceTree = BUILT_PRODUCTS_DIR; };
		B15F706E24D4167B009A2E40 /* VerificationSms.framework */ = {isa = PBXFileReference; explicitFileType = wrapper.framework; path = VerificationSms.framework; sourceTree = BUILT_PRODUCTS_DIR; };
		B15F707024D416A3009A2E40 /* CommonVerificationInitializationParameters.swift */ = {isa = PBXFileReference; lastKnownFileType = sourcecode.swift; path = CommonVerificationInitializationParameters.swift; sourceTree = "<group>"; };
		B15F707224D416BF009A2E40 /* VerificationCore.framework */ = {isa = PBXFileReference; explicitFileType = wrapper.framework; path = VerificationCore.framework; sourceTree = BUILT_PRODUCTS_DIR; };
		B15F707424D41779009A2E40 /* VerificationMethodsBuilder.swift */ = {isa = PBXFileReference; lastKnownFileType = sourcecode.swift; path = VerificationMethodsBuilder.swift; sourceTree = "<group>"; };
		B1CDF66D24D80EBB0085AC29 /* CommonVerificationMethodsInitiationListener.swift */ = {isa = PBXFileReference; lastKnownFileType = sourcecode.swift; path = CommonVerificationMethodsInitiationListener.swift; sourceTree = "<group>"; };
		C76B20BE19E60E2A63AC105F /* Pods-VerificationAll.debug.xcconfig */ = {isa = PBXFileReference; includeInIndex = 1; lastKnownFileType = text.xcconfig; name = "Pods-VerificationAll.debug.xcconfig"; path = "Target Support Files/Pods-VerificationAll/Pods-VerificationAll.debug.xcconfig"; sourceTree = "<group>"; };
		FF530381340418609B1A017D /* Pods_VerificationAll.framework */ = {isa = PBXFileReference; explicitFileType = wrapper.framework; includeInIndex = 0; path = Pods_VerificationAll.framework; sourceTree = BUILT_PRODUCTS_DIR; };
/* End PBXFileReference section */

/* Begin PBXFrameworksBuildPhase section */
		B15F704D24D415F2009A2E40 /* Frameworks */ = {
			isa = PBXFrameworksBuildPhase;
			buildActionMask = 2147483647;
			files = (
				B15F707324D416BF009A2E40 /* VerificationCore.framework in Frameworks */,
				B1105C6924D827C600788DEB /* VerificationCallout.framework in Frameworks */,
				B15F706D24D4167B009A2E40 /* VerificationFlashcall.framework in Frameworks */,
				B15F706F24D4167B009A2E40 /* VerificationSms.framework in Frameworks */,
				B158992D24DA7375000F4133 /* VerificationSeamless.framework in Frameworks */,
				42E6D1BDCDBDADFD640317C9 /* Pods_VerificationAll.framework in Frameworks */,
			);
			runOnlyForDeploymentPostprocessing = 0;
		};
		B15F705624D415F2009A2E40 /* Frameworks */ = {
			isa = PBXFrameworksBuildPhase;
			buildActionMask = 2147483647;
			files = (
				B15F705A24D415F2009A2E40 /* VerificationAll.framework in Frameworks */,
				4EEFE27507372300FBDF96AD /* Pods_VerificationAll_VerificationAllTests.framework in Frameworks */,
			);
			runOnlyForDeploymentPostprocessing = 0;
		};
/* End PBXFrameworksBuildPhase section */

/* Begin PBXGroup section */
		B15F704624D415F2009A2E40 = {
			isa = PBXGroup;
			children = (
				B15F705224D415F2009A2E40 /* VerificationAll */,
				B15F705D24D415F2009A2E40 /* VerificationAllTests */,
				B15F705124D415F2009A2E40 /* Products */,
				B15F706B24D4167B009A2E40 /* Frameworks */,
				E6EB0C5DB40A02951B19A2F6 /* Pods */,
			);
			sourceTree = "<group>";
		};
		B15F705124D415F2009A2E40 /* Products */ = {
			isa = PBXGroup;
			children = (
				B15F705024D415F2009A2E40 /* VerificationAll.framework */,
				B15F705924D415F2009A2E40 /* VerificationAllTests.xctest */,
			);
			name = Products;
			sourceTree = "<group>";
		};
		B15F705224D415F2009A2E40 /* VerificationAll */ = {
			isa = PBXGroup;
			children = (
				B15F706A24D4161F009A2E40 /* Classes */,
				B15F705324D415F2009A2E40 /* VerificationAll.h */,
				B15F705424D415F2009A2E40 /* Info.plist */,
			);
			path = VerificationAll;
			sourceTree = "<group>";
		};
		B15F705D24D415F2009A2E40 /* VerificationAllTests */ = {
			isa = PBXGroup;
			children = (
				B15F706024D415F2009A2E40 /* Info.plist */,
			);
			path = VerificationAllTests;
			sourceTree = "<group>";
		};
		B15F706A24D4161F009A2E40 /* Classes */ = {
			isa = PBXGroup;
			children = (
				B15F707024D416A3009A2E40 /* CommonVerificationInitializationParameters.swift */,
				B15F707424D41779009A2E40 /* VerificationMethodsBuilder.swift */,
				B1CDF66D24D80EBB0085AC29 /* CommonVerificationMethodsInitiationListener.swift */,
			);
			path = Classes;
			sourceTree = "<group>";
		};
		B15F706B24D4167B009A2E40 /* Frameworks */ = {
			isa = PBXGroup;
			children = (
				B158992C24DA7375000F4133 /* VerificationSeamless.framework */,
				B1105C5F24D8269300788DEB /* VerificationCallout.framework */,
				B15F707224D416BF009A2E40 /* VerificationCore.framework */,
				B15F706C24D4167B009A2E40 /* VerificationFlashcall.framework */,
				B15F706E24D4167B009A2E40 /* VerificationSms.framework */,
				FF530381340418609B1A017D /* Pods_VerificationAll.framework */,
				4077CDA0D0469095F0DC7C7C /* Pods_VerificationAll_VerificationAllTests.framework */,
			);
			name = Frameworks;
			sourceTree = "<group>";
		};
		E6EB0C5DB40A02951B19A2F6 /* Pods */ = {
			isa = PBXGroup;
			children = (
				C76B20BE19E60E2A63AC105F /* Pods-VerificationAll.debug.xcconfig */,
				0BC05F6CC9A672BEC63509BF /* Pods-VerificationAll.release.xcconfig */,
				25389C7A94035EDF7419BFF7 /* Pods-VerificationAll-VerificationAllTests.debug.xcconfig */,
				65323FFDFFB4F8279537CDDA /* Pods-VerificationAll-VerificationAllTests.release.xcconfig */,
			);
			name = Pods;
			path = ../Pods;
			sourceTree = "<group>";
		};
/* End PBXGroup section */

/* Begin PBXHeadersBuildPhase section */
		B15F704B24D415F2009A2E40 /* Headers */ = {
			isa = PBXHeadersBuildPhase;
			buildActionMask = 2147483647;
			files = (
				B15F706124D415F2009A2E40 /* VerificationAll.h in Headers */,
			);
			runOnlyForDeploymentPostprocessing = 0;
		};
/* End PBXHeadersBuildPhase section */

/* Begin PBXNativeTarget section */
		B15F704F24D415F2009A2E40 /* VerificationAll */ = {
			isa = PBXNativeTarget;
			buildConfigurationList = B15F706424D415F2009A2E40 /* Build configuration list for PBXNativeTarget "VerificationAll" */;
			buildPhases = (
				3789D92631E9DD5FBEC33720 /* [CP] Check Pods Manifest.lock */,
				B15F704B24D415F2009A2E40 /* Headers */,
				B15F704C24D415F2009A2E40 /* Sources */,
				B15F704D24D415F2009A2E40 /* Frameworks */,
				B15F704E24D415F2009A2E40 /* Resources */,
				B158992F24DA7375000F4133 /* Embed Frameworks */,
			);
			buildRules = (
			);
			dependencies = (
			);
			name = VerificationAll;
			productName = VerificationAll;
			productReference = B15F705024D415F2009A2E40 /* VerificationAll.framework */;
			productType = "com.apple.product-type.framework";
		};
		B15F705824D415F2009A2E40 /* VerificationAllTests */ = {
			isa = PBXNativeTarget;
			buildConfigurationList = B15F706724D415F2009A2E40 /* Build configuration list for PBXNativeTarget "VerificationAllTests" */;
			buildPhases = (
				8341EA91FDB24C93D5F024C7 /* [CP] Check Pods Manifest.lock */,
				B15F705524D415F2009A2E40 /* Sources */,
				B15F705624D415F2009A2E40 /* Frameworks */,
				B15F705724D415F2009A2E40 /* Resources */,
			);
			buildRules = (
			);
			dependencies = (
				B15F705C24D415F2009A2E40 /* PBXTargetDependency */,
			);
			name = VerificationAllTests;
			productName = VerificationAllTests;
			productReference = B15F705924D415F2009A2E40 /* VerificationAllTests.xctest */;
			productType = "com.apple.product-type.bundle.unit-test";
		};
/* End PBXNativeTarget section */

/* Begin PBXProject section */
		B15F704724D415F2009A2E40 /* Project object */ = {
			isa = PBXProject;
			attributes = {
				LastSwiftUpdateCheck = 1160;
				LastUpgradeCheck = 1160;
				ORGANIZATIONNAME = Sinch;
				TargetAttributes = {
					B15F704F24D415F2009A2E40 = {
						CreatedOnToolsVersion = 11.6;
						LastSwiftMigration = 1160;
					};
					B15F705824D415F2009A2E40 = {
						CreatedOnToolsVersion = 11.6;
					};
				};
			};
			buildConfigurationList = B15F704A24D415F2009A2E40 /* Build configuration list for PBXProject "VerificationAll" */;
			compatibilityVersion = "Xcode 9.3";
			developmentRegion = en;
			hasScannedForEncodings = 0;
			knownRegions = (
				en,
				Base,
			);
			mainGroup = B15F704624D415F2009A2E40;
			productRefGroup = B15F705124D415F2009A2E40 /* Products */;
			projectDirPath = "";
			projectRoot = "";
			targets = (
				B15F704F24D415F2009A2E40 /* VerificationAll */,
				B15F705824D415F2009A2E40 /* VerificationAllTests */,
			);
		};
/* End PBXProject section */

/* Begin PBXResourcesBuildPhase section */
		B15F704E24D415F2009A2E40 /* Resources */ = {
			isa = PBXResourcesBuildPhase;
			buildActionMask = 2147483647;
			files = (
			);
			runOnlyForDeploymentPostprocessing = 0;
		};
		B15F705724D415F2009A2E40 /* Resources */ = {
			isa = PBXResourcesBuildPhase;
			buildActionMask = 2147483647;
			files = (
			);
			runOnlyForDeploymentPostprocessing = 0;
		};
/* End PBXResourcesBuildPhase section */

/* Begin PBXShellScriptBuildPhase section */
		3789D92631E9DD5FBEC33720 /* [CP] Check Pods Manifest.lock */ = {
			isa = PBXShellScriptBuildPhase;
			buildActionMask = 2147483647;
			files = (
			);
			inputFileListPaths = (
			);
			inputPaths = (
				"${PODS_PODFILE_DIR_PATH}/Podfile.lock",
				"${PODS_ROOT}/Manifest.lock",
			);
			name = "[CP] Check Pods Manifest.lock";
			outputFileListPaths = (
			);
			outputPaths = (
				"$(DERIVED_FILE_DIR)/Pods-VerificationAll-checkManifestLockResult.txt",
			);
			runOnlyForDeploymentPostprocessing = 0;
			shellPath = /bin/sh;
			shellScript = "diff \"${PODS_PODFILE_DIR_PATH}/Podfile.lock\" \"${PODS_ROOT}/Manifest.lock\" > /dev/null\nif [ $? != 0 ] ; then\n    # print error to STDERR\n    echo \"error: The sandbox is not in sync with the Podfile.lock. Run 'pod install' or update your CocoaPods installation.\" >&2\n    exit 1\nfi\n# This output is used by Xcode 'outputs' to avoid re-running this script phase.\necho \"SUCCESS\" > \"${SCRIPT_OUTPUT_FILE_0}\"\n";
			showEnvVarsInLog = 0;
		};
		8341EA91FDB24C93D5F024C7 /* [CP] Check Pods Manifest.lock */ = {
			isa = PBXShellScriptBuildPhase;
			buildActionMask = 2147483647;
			files = (
			);
			inputFileListPaths = (
			);
			inputPaths = (
				"${PODS_PODFILE_DIR_PATH}/Podfile.lock",
				"${PODS_ROOT}/Manifest.lock",
			);
			name = "[CP] Check Pods Manifest.lock";
			outputFileListPaths = (
			);
			outputPaths = (
				"$(DERIVED_FILE_DIR)/Pods-VerificationAll-VerificationAllTests-checkManifestLockResult.txt",
			);
			runOnlyForDeploymentPostprocessing = 0;
			shellPath = /bin/sh;
			shellScript = "diff \"${PODS_PODFILE_DIR_PATH}/Podfile.lock\" \"${PODS_ROOT}/Manifest.lock\" > /dev/null\nif [ $? != 0 ] ; then\n    # print error to STDERR\n    echo \"error: The sandbox is not in sync with the Podfile.lock. Run 'pod install' or update your CocoaPods installation.\" >&2\n    exit 1\nfi\n# This output is used by Xcode 'outputs' to avoid re-running this script phase.\necho \"SUCCESS\" > \"${SCRIPT_OUTPUT_FILE_0}\"\n";
			showEnvVarsInLog = 0;
		};
/* End PBXShellScriptBuildPhase section */

/* Begin PBXSourcesBuildPhase section */
		B15F704C24D415F2009A2E40 /* Sources */ = {
			isa = PBXSourcesBuildPhase;
			buildActionMask = 2147483647;
			files = (
				B15F707524D41779009A2E40 /* VerificationMethodsBuilder.swift in Sources */,
				B15F707124D416A3009A2E40 /* CommonVerificationInitializationParameters.swift in Sources */,
				B1CDF66E24D80EBB0085AC29 /* CommonVerificationMethodsInitiationListener.swift in Sources */,
			);
			runOnlyForDeploymentPostprocessing = 0;
		};
		B15F705524D415F2009A2E40 /* Sources */ = {
			isa = PBXSourcesBuildPhase;
			buildActionMask = 2147483647;
			files = (
			);
			runOnlyForDeploymentPostprocessing = 0;
		};
/* End PBXSourcesBuildPhase section */

/* Begin PBXTargetDependency section */
		B15F705C24D415F2009A2E40 /* PBXTargetDependency */ = {
			isa = PBXTargetDependency;
			target = B15F704F24D415F2009A2E40 /* VerificationAll */;
			targetProxy = B15F705B24D415F2009A2E40 /* PBXContainerItemProxy */;
		};
/* End PBXTargetDependency section */

/* Begin XCBuildConfiguration section */
		B15F706224D415F2009A2E40 /* Debug */ = {
			isa = XCBuildConfiguration;
			buildSettings = {
				ALWAYS_SEARCH_USER_PATHS = NO;
				CLANG_ANALYZER_NONNULL = YES;
				CLANG_ANALYZER_NUMBER_OBJECT_CONVERSION = YES_AGGRESSIVE;
				CLANG_CXX_LANGUAGE_STANDARD = "gnu++14";
				CLANG_CXX_LIBRARY = "libc++";
				CLANG_ENABLE_MODULES = YES;
				CLANG_ENABLE_OBJC_ARC = YES;
				CLANG_ENABLE_OBJC_WEAK = YES;
				CLANG_WARN_BLOCK_CAPTURE_AUTORELEASING = YES;
				CLANG_WARN_BOOL_CONVERSION = YES;
				CLANG_WARN_COMMA = YES;
				CLANG_WARN_CONSTANT_CONVERSION = YES;
				CLANG_WARN_DEPRECATED_OBJC_IMPLEMENTATIONS = YES;
				CLANG_WARN_DIRECT_OBJC_ISA_USAGE = YES_ERROR;
				CLANG_WARN_DOCUMENTATION_COMMENTS = YES;
				CLANG_WARN_EMPTY_BODY = YES;
				CLANG_WARN_ENUM_CONVERSION = YES;
				CLANG_WARN_INFINITE_RECURSION = YES;
				CLANG_WARN_INT_CONVERSION = YES;
				CLANG_WARN_NON_LITERAL_NULL_CONVERSION = YES;
				CLANG_WARN_OBJC_IMPLICIT_RETAIN_SELF = YES;
				CLANG_WARN_OBJC_LITERAL_CONVERSION = YES;
				CLANG_WARN_OBJC_ROOT_CLASS = YES_ERROR;
				CLANG_WARN_RANGE_LOOP_ANALYSIS = YES;
				CLANG_WARN_STRICT_PROTOTYPES = YES;
				CLANG_WARN_SUSPICIOUS_MOVE = YES;
				CLANG_WARN_UNGUARDED_AVAILABILITY = YES_AGGRESSIVE;
				CLANG_WARN_UNREACHABLE_CODE = YES;
				CLANG_WARN__DUPLICATE_METHOD_MATCH = YES;
				COPY_PHASE_STRIP = NO;
				CURRENT_PROJECT_VERSION = 1;
				DEBUG_INFORMATION_FORMAT = dwarf;
				ENABLE_STRICT_OBJC_MSGSEND = YES;
				ENABLE_TESTABILITY = YES;
				GCC_C_LANGUAGE_STANDARD = gnu11;
				GCC_DYNAMIC_NO_PIC = NO;
				GCC_NO_COMMON_BLOCKS = YES;
				GCC_OPTIMIZATION_LEVEL = 0;
				GCC_PREPROCESSOR_DEFINITIONS = (
					"DEBUG=1",
					"$(inherited)",
				);
				GCC_WARN_64_TO_32_BIT_CONVERSION = YES;
				GCC_WARN_ABOUT_RETURN_TYPE = YES_ERROR;
				GCC_WARN_UNDECLARED_SELECTOR = YES;
				GCC_WARN_UNINITIALIZED_AUTOS = YES_AGGRESSIVE;
				GCC_WARN_UNUSED_FUNCTION = YES;
				GCC_WARN_UNUSED_VARIABLE = YES;
				IPHONEOS_DEPLOYMENT_TARGET = 13.5;
				MTL_ENABLE_DEBUG_INFO = INCLUDE_SOURCE;
				MTL_FAST_MATH = YES;
				ONLY_ACTIVE_ARCH = YES;
				SDKROOT = iphoneos;
				SWIFT_ACTIVE_COMPILATION_CONDITIONS = DEBUG;
				SWIFT_OPTIMIZATION_LEVEL = "-Onone";
				VERSIONING_SYSTEM = "apple-generic";
				VERSION_INFO_PREFIX = "";
			};
			name = Debug;
		};
		B15F706324D415F2009A2E40 /* Release */ = {
			isa = XCBuildConfiguration;
			buildSettings = {
				ALWAYS_SEARCH_USER_PATHS = NO;
				CLANG_ANALYZER_NONNULL = YES;
				CLANG_ANALYZER_NUMBER_OBJECT_CONVERSION = YES_AGGRESSIVE;
				CLANG_CXX_LANGUAGE_STANDARD = "gnu++14";
				CLANG_CXX_LIBRARY = "libc++";
				CLANG_ENABLE_MODULES = YES;
				CLANG_ENABLE_OBJC_ARC = YES;
				CLANG_ENABLE_OBJC_WEAK = YES;
				CLANG_WARN_BLOCK_CAPTURE_AUTORELEASING = YES;
				CLANG_WARN_BOOL_CONVERSION = YES;
				CLANG_WARN_COMMA = YES;
				CLANG_WARN_CONSTANT_CONVERSION = YES;
				CLANG_WARN_DEPRECATED_OBJC_IMPLEMENTATIONS = YES;
				CLANG_WARN_DIRECT_OBJC_ISA_USAGE = YES_ERROR;
				CLANG_WARN_DOCUMENTATION_COMMENTS = YES;
				CLANG_WARN_EMPTY_BODY = YES;
				CLANG_WARN_ENUM_CONVERSION = YES;
				CLANG_WARN_INFINITE_RECURSION = YES;
				CLANG_WARN_INT_CONVERSION = YES;
				CLANG_WARN_NON_LITERAL_NULL_CONVERSION = YES;
				CLANG_WARN_OBJC_IMPLICIT_RETAIN_SELF = YES;
				CLANG_WARN_OBJC_LITERAL_CONVERSION = YES;
				CLANG_WARN_OBJC_ROOT_CLASS = YES_ERROR;
				CLANG_WARN_RANGE_LOOP_ANALYSIS = YES;
				CLANG_WARN_STRICT_PROTOTYPES = YES;
				CLANG_WARN_SUSPICIOUS_MOVE = YES;
				CLANG_WARN_UNGUARDED_AVAILABILITY = YES_AGGRESSIVE;
				CLANG_WARN_UNREACHABLE_CODE = YES;
				CLANG_WARN__DUPLICATE_METHOD_MATCH = YES;
				COPY_PHASE_STRIP = NO;
				CURRENT_PROJECT_VERSION = 1;
				DEBUG_INFORMATION_FORMAT = "dwarf-with-dsym";
				ENABLE_NS_ASSERTIONS = NO;
				ENABLE_STRICT_OBJC_MSGSEND = YES;
				GCC_C_LANGUAGE_STANDARD = gnu11;
				GCC_NO_COMMON_BLOCKS = YES;
				GCC_WARN_64_TO_32_BIT_CONVERSION = YES;
				GCC_WARN_ABOUT_RETURN_TYPE = YES_ERROR;
				GCC_WARN_UNDECLARED_SELECTOR = YES;
				GCC_WARN_UNINITIALIZED_AUTOS = YES_AGGRESSIVE;
				GCC_WARN_UNUSED_FUNCTION = YES;
				GCC_WARN_UNUSED_VARIABLE = YES;
				IPHONEOS_DEPLOYMENT_TARGET = 13.5;
				MTL_ENABLE_DEBUG_INFO = NO;
				MTL_FAST_MATH = YES;
				SDKROOT = iphoneos;
				SWIFT_COMPILATION_MODE = wholemodule;
				SWIFT_OPTIMIZATION_LEVEL = "-O";
				VALIDATE_PRODUCT = YES;
				VERSIONING_SYSTEM = "apple-generic";
				VERSION_INFO_PREFIX = "";
			};
			name = Release;
		};
		B15F706524D415F2009A2E40 /* Debug */ = {
			isa = XCBuildConfiguration;
			baseConfigurationReference = C76B20BE19E60E2A63AC105F /* Pods-VerificationAll.debug.xcconfig */;
			buildSettings = {
				CLANG_ENABLE_MODULES = YES;
				CODE_SIGN_STYLE = Automatic;
				DEFINES_MODULE = YES;
				DYLIB_COMPATIBILITY_VERSION = 1;
				DYLIB_CURRENT_VERSION = 1;
				DYLIB_INSTALL_NAME_BASE = "@rpath";
				INFOPLIST_FILE = VerificationAll/Info.plist;
				INSTALL_PATH = "$(LOCAL_LIBRARY_DIR)/Frameworks";
				LD_RUNPATH_SEARCH_PATHS = (
					"$(inherited)",
					"@executable_path/Frameworks",
					"@loader_path/Frameworks",
				);
				PRODUCT_BUNDLE_IDENTIFIER = com.sinch.VerificationAll;
				PRODUCT_NAME = "$(TARGET_NAME:c99extidentifier)";
				SKIP_INSTALL = YES;
				SWIFT_OPTIMIZATION_LEVEL = "-Onone";
				SWIFT_VERSION = 5.0;
				TARGETED_DEVICE_FAMILY = "1,2";
			};
			name = Debug;
		};
		B15F706624D415F2009A2E40 /* Release */ = {
			isa = XCBuildConfiguration;
			baseConfigurationReference = 0BC05F6CC9A672BEC63509BF /* Pods-VerificationAll.release.xcconfig */;
			buildSettings = {
				CLANG_ENABLE_MODULES = YES;
				CODE_SIGN_STYLE = Automatic;
				DEFINES_MODULE = YES;
				DYLIB_COMPATIBILITY_VERSION = 1;
				DYLIB_CURRENT_VERSION = 1;
				DYLIB_INSTALL_NAME_BASE = "@rpath";
				INFOPLIST_FILE = VerificationAll/Info.plist;
				INSTALL_PATH = "$(LOCAL_LIBRARY_DIR)/Frameworks";
				LD_RUNPATH_SEARCH_PATHS = (
					"$(inherited)",
					"@executable_path/Frameworks",
					"@loader_path/Frameworks",
				);
				PRODUCT_BUNDLE_IDENTIFIER = com.sinch.VerificationAll;
				PRODUCT_NAME = "$(TARGET_NAME:c99extidentifier)";
				SKIP_INSTALL = YES;
				SWIFT_VERSION = 5.0;
				TARGETED_DEVICE_FAMILY = "1,2";
			};
			name = Release;
		};
		B15F706824D415F2009A2E40 /* Debug */ = {
			isa = XCBuildConfiguration;
			baseConfigurationReference = 25389C7A94035EDF7419BFF7 /* Pods-VerificationAll-VerificationAllTests.debug.xcconfig */;
			buildSettings = {
				ALWAYS_EMBED_SWIFT_STANDARD_LIBRARIES = YES;
				CODE_SIGN_STYLE = Automatic;
				INFOPLIST_FILE = VerificationAllTests/Info.plist;
				LD_RUNPATH_SEARCH_PATHS = (
					"$(inherited)",
					"@executable_path/Frameworks",
					"@loader_path/Frameworks",
				);
				PRODUCT_BUNDLE_IDENTIFIER = com.sinch.VerificationAllTests;
				PRODUCT_NAME = "$(TARGET_NAME)";
				SWIFT_VERSION = 5.0;
				TARGETED_DEVICE_FAMILY = "1,2";
			};
			name = Debug;
		};
		B15F706924D415F2009A2E40 /* Release */ = {
			isa = XCBuildConfiguration;
			baseConfigurationReference = 65323FFDFFB4F8279537CDDA /* Pods-VerificationAll-VerificationAllTests.release.xcconfig */;
			buildSettings = {
				ALWAYS_EMBED_SWIFT_STANDARD_LIBRARIES = YES;
				CODE_SIGN_STYLE = Automatic;
				INFOPLIST_FILE = VerificationAllTests/Info.plist;
				LD_RUNPATH_SEARCH_PATHS = (
					"$(inherited)",
					"@executable_path/Frameworks",
					"@loader_path/Frameworks",
				);
				PRODUCT_BUNDLE_IDENTIFIER = com.sinch.VerificationAllTests;
				PRODUCT_NAME = "$(TARGET_NAME)";
				SWIFT_VERSION = 5.0;
				TARGETED_DEVICE_FAMILY = "1,2";
			};
			name = Release;
		};
/* End XCBuildConfiguration section */

/* Begin XCConfigurationList section */
		B15F704A24D415F2009A2E40 /* Build configuration list for PBXProject "VerificationAll" */ = {
			isa = XCConfigurationList;
			buildConfigurations = (
				B15F706224D415F2009A2E40 /* Debug */,
				B15F706324D415F2009A2E40 /* Release */,
			);
			defaultConfigurationIsVisible = 0;
			defaultConfigurationName = Release;
		};
		B15F706424D415F2009A2E40 /* Build configuration list for PBXNativeTarget "VerificationAll" */ = {
			isa = XCConfigurationList;
			buildConfigurations = (
				B15F706524D415F2009A2E40 /* Debug */,
				B15F706624D415F2009A2E40 /* Release */,
			);
			defaultConfigurationIsVisible = 0;
			defaultConfigurationName = Release;
		};
		B15F706724D415F2009A2E40 /* Build configuration list for PBXNativeTarget "VerificationAllTests" */ = {
			isa = XCConfigurationList;
			buildConfigurations = (
				B15F706824D415F2009A2E40 /* Debug */,
				B15F706924D415F2009A2E40 /* Release */,
			);
			defaultConfigurationIsVisible = 0;
			defaultConfigurationName = Release;
		};
/* End XCConfigurationList section */
	};
	rootObject = B15F704724D415F2009A2E40 /* Project object */;
}
