PODS:
  - Alamofire (5.2.1)
  - ReachabilitySwift (5.0.0)

DEPENDENCIES:
  - Alamofire (~> 5.2)
  - ReachabilitySwift

SPEC REPOS:
  trunk:
    - Alamofire
    - ReachabilitySwift

SPEC CHECKSUMS:
  Alamofire: e911732990610fe89af59ac0077f923d72dc3dfd
  ReachabilitySwift: 985039c6f7b23a1da463388634119492ff86c825

PODFILE CHECKSUM: 89d6c7358a2c73ecb0f9447194a8c1941ab629b8

COCOAPODS: 1.9.3
