// !$*UTF8*$!
{
	archiveVersion = 1;
	classes = {
	};
	objectVersion = 50;
	objects = {

/* Begin PBXBuildFile section */
		35597AD118821FF6883F81C7 /* libPods-VerificationCore.a in Frameworks */ = {isa = PBXBuildFile; fileRef = 1553536381E997AE6C1D99E7 /* libPods-VerificationCore.a */; };
		B1EF433224B59D4D009BE30C /* VerificationCore.framework in Frameworks */ = {isa = PBXBuildFile; fileRef = B1EF432824B59D4D009BE30C /* VerificationCore.framework */; };
		B1EF433724B59D4D009BE30C /* VerificationCoreTests.swift in Sources */ = {isa = PBXBuildFile; fileRef = B1EF433624B59D4D009BE30C /* VerificationCoreTests.swift */; };
		B1EF433924B59D4D009BE30C /* VerificationCore.h in Headers */ = {isa = PBXBuildFile; fileRef = B1EF432B24B59D4D009BE30C /* VerificationCore.h */; settings = {ATTRIBUTES = (Public, ); }; };
/* End PBXBuildFile section */

/* Begin PBXContainerItemProxy section */
		B1EF433324B59D4D009BE30C /* PBXContainerItemProxy */ = {
			isa = PBXContainerItemProxy;
			containerPortal = B1EF431F24B59D4D009BE30C /* Project object */;
			proxyType = 1;
			remoteGlobalIDString = B1EF432724B59D4D009BE30C;
			remoteInfo = VerificationCore;
		};
/* End PBXContainerItemProxy section */

/* Begin PBXFileReference section */
		1553536381E997AE6C1D99E7 /* libPods-VerificationCore.a */ = {isa = PBXFileReference; explicitFileType = archive.ar; includeInIndex = 0; path = "libPods-VerificationCore.a"; sourceTree = BUILT_PRODUCTS_DIR; };
		4D9D12C6207F5170C6BCFD7B /* Pods-VerificationCore.release.xcconfig */ = {isa = PBXFileReference; includeInIndex = 1; lastKnownFileType = text.xcconfig; name = "Pods-VerificationCore.release.xcconfig"; path = "Target Support Files/Pods-VerificationCore/Pods-VerificationCore.release.xcconfig"; sourceTree = "<group>"; };
		B1EF432824B59D4D009BE30C /* VerificationCore.framework */ = {isa = PBXFileReference; explicitFileType = wrapper.framework; includeInIndex = 0; path = VerificationCore.framework; sourceTree = BUILT_PRODUCTS_DIR; };
		B1EF432B24B59D4D009BE30C /* VerificationCore.h */ = {isa = PBXFileReference; lastKnownFileType = sourcecode.c.h; path = VerificationCore.h; sourceTree = "<group>"; };
		B1EF432C24B59D4D009BE30C /* Info.plist */ = {isa = PBXFileReference; lastKnownFileType = text.plist.xml; path = Info.plist; sourceTree = "<group>"; };
		B1EF433124B59D4D009BE30C /* VerificationCoreTests.xctest */ = {isa = PBXFileReference; explicitFileType = wrapper.cfbundle; includeInIndex = 0; path = VerificationCoreTests.xctest; sourceTree = BUILT_PRODUCTS_DIR; };
		B1EF433624B59D4D009BE30C /* VerificationCoreTests.swift */ = {isa = PBXFileReference; lastKnownFileType = sourcecode.swift; path = VerificationCoreTests.swift; sourceTree = "<group>"; };
		B1EF433824B59D4D009BE30C /* Info.plist */ = {isa = PBXFileReference; lastKnownFileType = text.plist.xml; path = Info.plist; sourceTree = "<group>"; };
		E6C4F4477437276B6098E46B /* Pods-VerificationCore.debug.xcconfig */ = {isa = PBXFileReference; includeInIndex = 1; lastKnownFileType = text.xcconfig; name = "Pods-VerificationCore.debug.xcconfig"; path = "Target Support Files/Pods-VerificationCore/Pods-VerificationCore.debug.xcconfig"; sourceTree = "<group>"; };
/* End PBXFileReference section */

/* Begin PBXFrameworksBuildPhase section */
		B1EF432524B59D4D009BE30C /* Frameworks */ = {
			isa = PBXFrameworksBuildPhase;
			buildActionMask = 2147483647;
			files = (
				35597AD118821FF6883F81C7 /* libPods-VerificationCore.a in Frameworks */,
			);
			runOnlyForDeploymentPostprocessing = 0;
		};
		B1EF432E24B59D4D009BE30C /* Frameworks */ = {
			isa = PBXFrameworksBuildPhase;
			buildActionMask = 2147483647;
			files = (
				B1EF433224B59D4D009BE30C /* VerificationCore.framework in Frameworks */,
			);
			runOnlyForDeploymentPostprocessing = 0;
		};
/* End PBXFrameworksBuildPhase section */

/* Begin PBXGroup section */
		0641B938DFCDF97A05CFCEED /* Frameworks */ = {
			isa = PBXGroup;
			children = (
				1553536381E997AE6C1D99E7 /* libPods-VerificationCore.a */,
			);
			name = Frameworks;
			sourceTree = "<group>";
		};
		A8268122453A699BD77A8C71 /* Pods */ = {
			isa = PBXGroup;
			children = (
				E6C4F4477437276B6098E46B /* Pods-VerificationCore.debug.xcconfig */,
				4D9D12C6207F5170C6BCFD7B /* Pods-VerificationCore.release.xcconfig */,
			);
			name = Pods;
			path = ../Pods;
			sourceTree = "<group>";
		};
		B1A2ECAE24B5BA3E005A0447 /* Classes */ = {
			isa = PBXGroup;
			children = (
			);
			path = Classes;
			sourceTree = "<group>";
		};
		B1EF431E24B59D4D009BE30C = {
			isa = PBXGroup;
			children = (
				B1EF432A24B59D4D009BE30C /* VerificationCore */,
				B1EF433524B59D4D009BE30C /* VerificationCoreTests */,
				B1EF432924B59D4D009BE30C /* Products */,
				A8268122453A699BD77A8C71 /* Pods */,
				0641B938DFCDF97A05CFCEED /* Frameworks */,
			);
			sourceTree = "<group>";
		};
		B1EF432924B59D4D009BE30C /* Products */ = {
			isa = PBXGroup;
			children = (
				B1EF432824B59D4D009BE30C /* VerificationCore.framework */,
				B1EF433124B59D4D009BE30C /* VerificationCoreTests.xctest */,
			);
			name = Products;
			sourceTree = "<group>";
		};
		B1EF432A24B59D4D009BE30C /* VerificationCore */ = {
			isa = PBXGroup;
			children = (
				B1A2ECAE24B5BA3E005A0447 /* Classes */,
				B1EF432B24B59D4D009BE30C /* VerificationCore.h */,
				B1EF432C24B59D4D009BE30C /* Info.plist */,
			);
			path = VerificationCore;
			sourceTree = "<group>";
		};
		B1EF433524B59D4D009BE30C /* VerificationCoreTests */ = {
			isa = PBXGroup;
			children = (
				B1EF433624B59D4D009BE30C /* VerificationCoreTests.swift */,
				B1EF433824B59D4D009BE30C /* Info.plist */,
			);
			path = VerificationCoreTests;
			sourceTree = "<group>";
		};
/* End PBXGroup section */

/* Begin PBXHeadersBuildPhase section */
		B1EF432324B59D4D009BE30C /* Headers */ = {
			isa = PBXHeadersBuildPhase;
			buildActionMask = 2147483647;
			files = (
				B1EF433924B59D4D009BE30C /* VerificationCore.h in Headers */,
			);
			runOnlyForDeploymentPostprocessing = 0;
		};
/* End PBXHeadersBuildPhase section */

/* Begin PBXNativeTarget section */
		B1EF432724B59D4D009BE30C /* VerificationCore */ = {
			isa = PBXNativeTarget;
			buildConfigurationList = B1EF433C24B59D4D009BE30C /* Build configuration list for PBXNativeTarget "VerificationCore" */;
			buildPhases = (
				90BFB51ACAEC1B26D0377C1C /* [CP] Check Pods Manifest.lock */,
				B1EF432324B59D4D009BE30C /* Headers */,
				B1EF432424B59D4D009BE30C /* Sources */,
				B1EF432524B59D4D009BE30C /* Frameworks */,
				B1EF432624B59D4D009BE30C /* Resources */,
			);
			buildRules = (
			);
			dependencies = (
			);
			name = VerificationCore;
			productName = VerificationCore;
			productReference = B1EF432824B59D4D009BE30C /* VerificationCore.framework */;
			productType = "com.apple.product-type.framework";
		};
		B1EF433024B59D4D009BE30C /* VerificationCoreTests */ = {
			isa = PBXNativeTarget;
			buildConfigurationList = B1EF433F24B59D4D009BE30C /* Build configuration list for PBXNativeTarget "VerificationCoreTests" */;
			buildPhases = (
				B1EF432D24B59D4D009BE30C /* Sources */,
				B1EF432E24B59D4D009BE30C /* Frameworks */,
				B1EF432F24B59D4D009BE30C /* Resources */,
			);
			buildRules = (
			);
			dependencies = (
				B1EF433424B59D4D009BE30C /* PBXTargetDependency */,
			);
			name = VerificationCoreTests;
			productName = VerificationCoreTests;
			productReference = B1EF433124B59D4D009BE30C /* VerificationCoreTests.xctest */;
			productType = "com.apple.product-type.bundle.unit-test";
		};
/* End PBXNativeTarget section */

/* Begin PBXProject section */
		B1EF431F24B59D4D009BE30C /* Project object */ = {
			isa = PBXProject;
			attributes = {
				LastSwiftUpdateCheck = 1150;
				LastUpgradeCheck = 1150;
				ORGANIZATIONNAME = "Aleksander Wojcik";
				TargetAttributes = {
					B1EF432724B59D4D009BE30C = {
						CreatedOnToolsVersion = 11.5;
						LastSwiftMigration = 1150;
					};
					B1EF433024B59D4D009BE30C = {
						CreatedOnToolsVersion = 11.5;
					};
				};
			};
			buildConfigurationList = B1EF432224B59D4D009BE30C /* Build configuration list for PBXProject "VerificationCore" */;
			compatibilityVersion = "Xcode 9.3";
			developmentRegion = en;
			hasScannedForEncodings = 0;
			knownRegions = (
				en,
				Base,
			);
			mainGroup = B1EF431E24B59D4D009BE30C;
			productRefGroup = B1EF432924B59D4D009BE30C /* Products */;
			projectDirPath = "";
			projectRoot = "";
			targets = (
				B1EF432724B59D4D009BE30C /* VerificationCore */,
				B1EF433024B59D4D009BE30C /* VerificationCoreTests */,
			);
		};
/* End PBXProject section */

/* Begin PBXResourcesBuildPhase section */
		B1EF432624B59D4D009BE30C /* Resources */ = {
			isa = PBXResourcesBuildPhase;
			buildActionMask = 2147483647;
			files = (
			);
			runOnlyForDeploymentPostprocessing = 0;
		};
		B1EF432F24B59D4D009BE30C /* Resources */ = {
			isa = PBXResourcesBuildPhase;
			buildActionMask = 2147483647;
			files = (
			);
			runOnlyForDeploymentPostprocessing = 0;
		};
/* End PBXResourcesBuildPhase section */

/* Begin PBXShellScriptBuildPhase section */
		90BFB51ACAEC1B26D0377C1C /* [CP] Check Pods Manifest.lock */ = {
			isa = PBXShellScriptBuildPhase;
			buildActionMask = 2147483647;
			files = (
			);
			inputFileListPaths = (
			);
			inputPaths = (
				"${PODS_PODFILE_DIR_PATH}/Podfile.lock",
				"${PODS_ROOT}/Manifest.lock",
			);
			name = "[CP] Check Pods Manifest.lock";
			outputFileListPaths = (
			);
			outputPaths = (
				"$(DERIVED_FILE_DIR)/Pods-VerificationCore-checkManifestLockResult.txt",
			);
			runOnlyForDeploymentPostprocessing = 0;
			shellPath = /bin/sh;
			shellScript = "diff \"${PODS_PODFILE_DIR_PATH}/Podfile.lock\" \"${PODS_ROOT}/Manifest.lock\" > /dev/null\nif [ $? != 0 ] ; then\n    # print error to STDERR\n    echo \"error: The sandbox is not in sync with the Podfile.lock. Run 'pod install' or update your CocoaPods installation.\" >&2\n    exit 1\nfi\n# This output is used by Xcode 'outputs' to avoid re-running this script phase.\necho \"SUCCESS\" > \"${SCRIPT_OUTPUT_FILE_0}\"\n";
			showEnvVarsInLog = 0;
		};
/* End PBXShellScriptBuildPhase section */

/* Begin PBXSourcesBuildPhase section */
		B1EF432424B59D4D009BE30C /* Sources */ = {
			isa = PBXSourcesBuildPhase;
			buildActionMask = 2147483647;
			files = (
			);
			runOnlyForDeploymentPostprocessing = 0;
		};
		B1EF432D24B59D4D009BE30C /* Sources */ = {
			isa = PBXSourcesBuildPhase;
			buildActionMask = 2147483647;
			files = (
				B1EF433724B59D4D009BE30C /* VerificationCoreTests.swift in Sources */,
			);
			runOnlyForDeploymentPostprocessing = 0;
		};
/* End PBXSourcesBuildPhase section */

/* Begin PBXTargetDependency section */
		B1EF433424B59D4D009BE30C /* PBXTargetDependency */ = {
			isa = PBXTargetDependency;
			target = B1EF432724B59D4D009BE30C /* VerificationCore */;
			targetProxy = B1EF433324B59D4D009BE30C /* PBXContainerItemProxy */;
		};
/* End PBXTargetDependency section */

/* Begin XCBuildConfiguration section */
		B1EF433A24B59D4D009BE30C /* Debug */ = {
			isa = XCBuildConfiguration;
			buildSettings = {
				ALWAYS_SEARCH_USER_PATHS = NO;
				CLANG_ANALYZER_NONNULL = YES;
				CLANG_ANALYZER_NUMBER_OBJECT_CONVERSION = YES_AGGRESSIVE;
				CLANG_CXX_LANGUAGE_STANDARD = "gnu++14";
				CLANG_CXX_LIBRARY = "libc++";
				CLANG_ENABLE_MODULES = YES;
				CLANG_ENABLE_OBJC_ARC = YES;
				CLANG_ENABLE_OBJC_WEAK = YES;
				CLANG_WARN_BLOCK_CAPTURE_AUTORELEASING = YES;
				CLANG_WARN_BOOL_CONVERSION = YES;
				CLANG_WARN_COMMA = YES;
				CLANG_WARN_CONSTANT_CONVERSION = YES;
				CLANG_WARN_DEPRECATED_OBJC_IMPLEMENTATIONS = YES;
				CLANG_WARN_DIRECT_OBJC_ISA_USAGE = YES_ERROR;
				CLANG_WARN_DOCUMENTATION_COMMENTS = YES;
				CLANG_WARN_EMPTY_BODY = YES;
				CLANG_WARN_ENUM_CONVERSION = YES;
				CLANG_WARN_INFINITE_RECURSION = YES;
				CLANG_WARN_INT_CONVERSION = YES;
				CLANG_WARN_NON_LITERAL_NULL_CONVERSION = YES;
				CLANG_WARN_OBJC_IMPLICIT_RETAIN_SELF = YES;
				CLANG_WARN_OBJC_LITERAL_CONVERSION = YES;
				CLANG_WARN_OBJC_ROOT_CLASS = YES_ERROR;
				CLANG_WARN_RANGE_LOOP_ANALYSIS = YES;
				CLANG_WARN_STRICT_PROTOTYPES = YES;
				CLANG_WARN_SUSPICIOUS_MOVE = YES;
				CLANG_WARN_UNGUARDED_AVAILABILITY = YES_AGGRESSIVE;
				CLANG_WARN_UNREACHABLE_CODE = YES;
				CLANG_WARN__DUPLICATE_METHOD_MATCH = YES;
				COPY_PHASE_STRIP = NO;
				CURRENT_PROJECT_VERSION = 1;
				DEBUG_INFORMATION_FORMAT = dwarf;
				ENABLE_STRICT_OBJC_MSGSEND = YES;
				ENABLE_TESTABILITY = YES;
				GCC_C_LANGUAGE_STANDARD = gnu11;
				GCC_DYNAMIC_NO_PIC = NO;
				GCC_NO_COMMON_BLOCKS = YES;
				GCC_OPTIMIZATION_LEVEL = 0;
				GCC_PREPROCESSOR_DEFINITIONS = (
					"DEBUG=1",
					"$(inherited)",
				);
				GCC_WARN_64_TO_32_BIT_CONVERSION = YES;
				GCC_WARN_ABOUT_RETURN_TYPE = YES_ERROR;
				GCC_WARN_UNDECLARED_SELECTOR = YES;
				GCC_WARN_UNINITIALIZED_AUTOS = YES_AGGRESSIVE;
				GCC_WARN_UNUSED_FUNCTION = YES;
				GCC_WARN_UNUSED_VARIABLE = YES;
				IPHONEOS_DEPLOYMENT_TARGET = 13.5;
				MTL_ENABLE_DEBUG_INFO = INCLUDE_SOURCE;
				MTL_FAST_MATH = YES;
				ONLY_ACTIVE_ARCH = YES;
				SDKROOT = iphoneos;
				SWIFT_ACTIVE_COMPILATION_CONDITIONS = DEBUG;
				SWIFT_OPTIMIZATION_LEVEL = "-Onone";
				VERSIONING_SYSTEM = "apple-generic";
				VERSION_INFO_PREFIX = "";
			};
			name = Debug;
		};
		B1EF433B24B59D4D009BE30C /* Release */ = {
			isa = XCBuildConfiguration;
			buildSettings = {
				ALWAYS_SEARCH_USER_PATHS = NO;
				CLANG_ANALYZER_NONNULL = YES;
				CLANG_ANALYZER_NUMBER_OBJECT_CONVERSION = YES_AGGRESSIVE;
				CLANG_CXX_LANGUAGE_STANDARD = "gnu++14";
				CLANG_CXX_LIBRARY = "libc++";
				CLANG_ENABLE_MODULES = YES;
				CLANG_ENABLE_OBJC_ARC = YES;
				CLANG_ENABLE_OBJC_WEAK = YES;
				CLANG_WARN_BLOCK_CAPTURE_AUTORELEASING = YES;
				CLANG_WARN_BOOL_CONVERSION = YES;
				CLANG_WARN_COMMA = YES;
				CLANG_WARN_CONSTANT_CONVERSION = YES;
				CLANG_WARN_DEPRECATED_OBJC_IMPLEMENTATIONS = YES;
				CLANG_WARN_DIRECT_OBJC_ISA_USAGE = YES_ERROR;
				CLANG_WARN_DOCUMENTATION_COMMENTS = YES;
				CLANG_WARN_EMPTY_BODY = YES;
				CLANG_WARN_ENUM_CONVERSION = YES;
				CLANG_WARN_INFINITE_RECURSION = YES;
				CLANG_WARN_INT_CONVERSION = YES;
				CLANG_WARN_NON_LITERAL_NULL_CONVERSION = YES;
				CLANG_WARN_OBJC_IMPLICIT_RETAIN_SELF = YES;
				CLANG_WARN_OBJC_LITERAL_CONVERSION = YES;
				CLANG_WARN_OBJC_ROOT_CLASS = YES_ERROR;
				CLANG_WARN_RANGE_LOOP_ANALYSIS = YES;
				CLANG_WARN_STRICT_PROTOTYPES = YES;
				CLANG_WARN_SUSPICIOUS_MOVE = YES;
				CLANG_WARN_UNGUARDED_AVAILABILITY = YES_AGGRESSIVE;
				CLANG_WARN_UNREACHABLE_CODE = YES;
				CLANG_WARN__DUPLICATE_METHOD_MATCH = YES;
				COPY_PHASE_STRIP = NO;
				CURRENT_PROJECT_VERSION = 1;
				DEBUG_INFORMATION_FORMAT = "dwarf-with-dsym";
				ENABLE_NS_ASSERTIONS = NO;
				ENABLE_STRICT_OBJC_MSGSEND = YES;
				GCC_C_LANGUAGE_STANDARD = gnu11;
				GCC_NO_COMMON_BLOCKS = YES;
				GCC_WARN_64_TO_32_BIT_CONVERSION = YES;
				GCC_WARN_ABOUT_RETURN_TYPE = YES_ERROR;
				GCC_WARN_UNDECLARED_SELECTOR = YES;
				GCC_WARN_UNINITIALIZED_AUTOS = YES_AGGRESSIVE;
				GCC_WARN_UNUSED_FUNCTION = YES;
				GCC_WARN_UNUSED_VARIABLE = YES;
				IPHONEOS_DEPLOYMENT_TARGET = 13.5;
				MTL_ENABLE_DEBUG_INFO = NO;
				MTL_FAST_MATH = YES;
				SDKROOT = iphoneos;
				SWIFT_COMPILATION_MODE = wholemodule;
				SWIFT_OPTIMIZATION_LEVEL = "-O";
				VALIDATE_PRODUCT = YES;
				VERSIONING_SYSTEM = "apple-generic";
				VERSION_INFO_PREFIX = "";
			};
			name = Release;
		};
		B1EF433D24B59D4D009BE30C /* Debug */ = {
			isa = XCBuildConfiguration;
			baseConfigurationReference = E6C4F4477437276B6098E46B /* Pods-VerificationCore.debug.xcconfig */;
			buildSettings = {
				CLANG_ENABLE_MODULES = YES;
				CODE_SIGN_STYLE = Automatic;
				DEFINES_MODULE = YES;
				DYLIB_COMPATIBILITY_VERSION = 1;
				DYLIB_CURRENT_VERSION = 1;
				DYLIB_INSTALL_NAME_BASE = "@rpath";
				INFOPLIST_FILE = VerificationCore/Info.plist;
				INSTALL_PATH = "$(LOCAL_LIBRARY_DIR)/Frameworks";
				LD_RUNPATH_SEARCH_PATHS = (
					"$(inherited)",
					"@executable_path/Frameworks",
					"@loader_path/Frameworks",
				);
				PRODUCT_BUNDLE_IDENTIFIER = com.sinch.VerificationCore;
				PRODUCT_NAME = "$(TARGET_NAME:c99extidentifier)";
				SKIP_INSTALL = YES;
				SWIFT_OPTIMIZATION_LEVEL = "-Onone";
				SWIFT_VERSION = 5.0;
				TARGETED_DEVICE_FAMILY = "1,2";
			};
			name = Debug;
		};
		B1EF433E24B59D4D009BE30C /* Release */ = {
			isa = XCBuildConfiguration;
			baseConfigurationReference = 4D9D12C6207F5170C6BCFD7B /* Pods-VerificationCore.release.xcconfig */;
			buildSettings = {
				CLANG_ENABLE_MODULES = YES;
				CODE_SIGN_STYLE = Automatic;
				DEFINES_MODULE = YES;
				DYLIB_COMPATIBILITY_VERSION = 1;
				DYLIB_CURRENT_VERSION = 1;
				DYLIB_INSTALL_NAME_BASE = "@rpath";
				INFOPLIST_FILE = VerificationCore/Info.plist;
				INSTALL_PATH = "$(LOCAL_LIBRARY_DIR)/Frameworks";
				LD_RUNPATH_SEARCH_PATHS = (
					"$(inherited)",
					"@executable_path/Frameworks",
					"@loader_path/Frameworks",
				);
				PRODUCT_BUNDLE_IDENTIFIER = com.sinch.VerificationCore;
				PRODUCT_NAME = "$(TARGET_NAME:c99extidentifier)";
				SKIP_INSTALL = YES;
				SWIFT_VERSION = 5.0;
				TARGETED_DEVICE_FAMILY = "1,2";
			};
			name = Release;
		};
		B1EF434024B59D4D009BE30C /* Debug */ = {
			isa = XCBuildConfiguration;
			buildSettings = {
				CODE_SIGN_STYLE = Automatic;
				INFOPLIST_FILE = VerificationCoreTests/Info.plist;
				LD_RUNPATH_SEARCH_PATHS = (
					"$(inherited)",
					"@executable_path/Frameworks",
					"@loader_path/Frameworks",
				);
				PRODUCT_BUNDLE_IDENTIFIER = com.sinch.VerificationCoreTests;
				PRODUCT_NAME = "$(TARGET_NAME)";
				SWIFT_VERSION = 5.0;
				TARGETED_DEVICE_FAMILY = "1,2";
			};
			name = Debug;
		};
		B1EF434124B59D4D009BE30C /* Release */ = {
			isa = XCBuildConfiguration;
			buildSettings = {
				CODE_SIGN_STYLE = Automatic;
				INFOPLIST_FILE = VerificationCoreTests/Info.plist;
				LD_RUNPATH_SEARCH_PATHS = (
					"$(inherited)",
					"@executable_path/Frameworks",
					"@loader_path/Frameworks",
				);
				PRODUCT_BUNDLE_IDENTIFIER = com.sinch.VerificationCoreTests;
				PRODUCT_NAME = "$(TARGET_NAME)";
				SWIFT_VERSION = 5.0;
				TARGETED_DEVICE_FAMILY = "1,2";
			};
			name = Release;
		};
/* End XCBuildConfiguration section */

/* Begin XCConfigurationList section */
		B1EF432224B59D4D009BE30C /* Build configuration list for PBXProject "VerificationCore" */ = {
			isa = XCConfigurationList;
			buildConfigurations = (
				B1EF433A24B59D4D009BE30C /* Debug */,
				B1EF433B24B59D4D009BE30C /* Release */,
			);
			defaultConfigurationIsVisible = 0;
			defaultConfigurationName = Release;
		};
		B1EF433C24B59D4D009BE30C /* Build configuration list for PBXNativeTarget "VerificationCore" */ = {
			isa = XCConfigurationList;
			buildConfigurations = (
				B1EF433D24B59D4D009BE30C /* Debug */,
				B1EF433E24B59D4D009BE30C /* Release */,
			);
			defaultConfigurationIsVisible = 0;
			defaultConfigurationName = Release;
		};
		B1EF433F24B59D4D009BE30C /* Build configuration list for PBXNativeTarget "VerificationCoreTests" */ = {
			isa = XCConfigurationList;
			buildConfigurations = (
				B1EF434024B59D4D009BE30C /* Debug */,
				B1EF434124B59D4D009BE30C /* Release */,
			);
			defaultConfigurationIsVisible = 0;
			defaultConfigurationName = Release;
		};
/* End XCConfigurationList section */
	};
	rootObject = B1EF431F24B59D4D009BE30C /* Project object */;
}
