// !$*UTF8*$!
{
	archiveVersion = 1;
	classes = {
	};
	objectVersion = 51;
	objects = {

/* Begin PBXBuildFile section */
		8028B1E0289D668D7E2619B6 /* Pods_VerificationCore_VerificationCoreTests.framework in Frameworks */ = {isa = PBXBuildFile; fileRef = 7F876789D25CE6032ED967D7 /* Pods_VerificationCore_VerificationCoreTests.framework */; };
		B11AB75724C84F6900EAE990 /* MetadataCollector.framework in Frameworks */ = {isa = PBXBuildFile; fileRef = B11AB75624C84F6900EAE990 /* MetadataCollector.framework */; };
		B15F701824D2C562009A2E40 /* VerificationInitData.swift in Sources */ = {isa = PBXBuildFile; fileRef = B15F701724D2C562009A2E40 /* VerificationInitData.swift */; };
		B17233E924C18E7100E35C9E /* ApiErrorData.swift in Sources */ = {isa = PBXBuildFile; fileRef = B17233E824C18E7100E35C9E /* ApiErrorData.swift */; };
		B17233EB24C1A4BB00E35C9E /* DataRequestsExtensions.swift in Sources */ = {isa = PBXBuildFile; fileRef = B17233EA24C1A4BB00E35C9E /* DataRequestsExtensions.swift */; };
		B17233ED24C1A63B00E35C9E /* ApiResponse.swift in Sources */ = {isa = PBXBuildFile; fileRef = B17233EC24C1A63B00E35C9E /* ApiResponse.swift */; };
		B17233EF24C1A77300E35C9E /* DecodableExtensions.swift in Sources */ = {isa = PBXBuildFile; fileRef = B17233EE24C1A77300E35C9E /* DecodableExtensions.swift */; };
		B17233F924C5A78A00E35C9E /* VerificationData.swift in Sources */ = {isa = PBXBuildFile; fileRef = B17233F824C5A78A00E35C9E /* VerificationData.swift */; };
		B17233FB24C5ADA200E35C9E /* VerificationResponseData.swift in Sources */ = {isa = PBXBuildFile; fileRef = B17233FA24C5ADA200E35C9E /* VerificationResponseData.swift */; };
		B17233FD24C5ADE700E35C9E /* VerificationStatus.swift in Sources */ = {isa = PBXBuildFile; fileRef = B17233FC24C5ADE700E35C9E /* VerificationStatus.swift */; };
		B1A2ECC324B70732005A0447 /* AuthorizationMethod.swift in Sources */ = {isa = PBXBuildFile; fileRef = B1A2ECC224B70732005A0447 /* AuthorizationMethod.swift */; };
		B1A2ECC524B70865005A0447 /* SinchSessionHandler.swift in Sources */ = {isa = PBXBuildFile; fileRef = B1A2ECC424B70865005A0447 /* SinchSessionHandler.swift */; };
		B1A2ECC724B70BE1005A0447 /* AppKeyAuthorizationMethod.swift in Sources */ = {isa = PBXBuildFile; fileRef = B1A2ECC624B70BE1005A0447 /* AppKeyAuthorizationMethod.swift */; };
		B1A2ECCA24B70D68005A0447 /* HasApply.swift in Sources */ = {isa = PBXBuildFile; fileRef = B1A2ECC924B70D68005A0447 /* HasApply.swift */; };
		B1A2ECCC24B71734005A0447 /* ApiManager.swift in Sources */ = {isa = PBXBuildFile; fileRef = B1A2ECCB24B71734005A0447 /* ApiManager.swift */; };
		B1A2ECCE24B71A4A005A0447 /* SinchGlobalConfig.swift in Sources */ = {isa = PBXBuildFile; fileRef = B1A2ECCD24B71A4A005A0447 /* SinchGlobalConfig.swift */; };
		B1A2ECD024B71AE9005A0447 /* ApiRouter.swift in Sources */ = {isa = PBXBuildFile; fileRef = B1A2ECCF24B71AE9005A0447 /* ApiRouter.swift */; };
		B1A2ECD224B71B4B005A0447 /* Constants.swift in Sources */ = {isa = PBXBuildFile; fileRef = B1A2ECD124B71B4B005A0447 /* Constants.swift */; };
		B1A2ECD424B72C46005A0447 /* GlobalConfigCreator.swift in Sources */ = {isa = PBXBuildFile; fileRef = B1A2ECD324B72C46005A0447 /* GlobalConfigCreator.swift */; };
		B1A2ECD624B72D59005A0447 /* AuthorizationMethodSetter.swift in Sources */ = {isa = PBXBuildFile; fileRef = B1A2ECD524B72D59005A0447 /* AuthorizationMethodSetter.swift */; };
		B1A2ECD924BC2FC8005A0447 /* Verification.swift in Sources */ = {isa = PBXBuildFile; fileRef = B1A2ECD824BC2FC8005A0447 /* Verification.swift */; };
		B1A2ECDB24BC2FE4005A0447 /* VerificationState.swift in Sources */ = {isa = PBXBuildFile; fileRef = B1A2ECDA24BC2FE4005A0447 /* VerificationState.swift */; };
		B1A2ECDD24BC3002005A0447 /* VerificationStateStatus.swift in Sources */ = {isa = PBXBuildFile; fileRef = B1A2ECDC24BC3002005A0447 /* VerificationStateStatus.swift */; };
		B1A2ECDF24BC4D5E005A0447 /* VerificationStatesTests.swift in Sources */ = {isa = PBXBuildFile; fileRef = B1A2ECDE24BC4D5E005A0447 /* VerificationStatesTests.swift */; };
		B1A2ECE224BC6314005A0447 /* VerificationListener.swift in Sources */ = {isa = PBXBuildFile; fileRef = B1A2ECE124BC6314005A0447 /* VerificationListener.swift */; };
		B1A2ECE524BC65DD005A0447 /* InitiationResponseData.swift in Sources */ = {isa = PBXBuildFile; fileRef = B1A2ECE424BC65DD005A0447 /* InitiationResponseData.swift */; };
		B1A2ECE724BC661E005A0447 /* VerificationMethodType.swift in Sources */ = {isa = PBXBuildFile; fileRef = B1A2ECE624BC661E005A0447 /* VerificationMethodType.swift */; };
		B1A2ECE924BC695B005A0447 /* InitiationListener.swift in Sources */ = {isa = PBXBuildFile; fileRef = B1A2ECE824BC695B005A0447 /* InitiationListener.swift */; };
		B1A2ECEE24BC71C8005A0447 /* VerificationMethodProperties.swift in Sources */ = {isa = PBXBuildFile; fileRef = B1A2ECED24BC71C8005A0447 /* VerificationMethodProperties.swift */; };
		B1A2ECF024BC7361005A0447 /* VerificationLanguage.swift in Sources */ = {isa = PBXBuildFile; fileRef = B1A2ECEF24BC7361005A0447 /* VerificationLanguage.swift */; };
		B1A2ECF224BC83ED005A0447 /* SDKError.swift in Sources */ = {isa = PBXBuildFile; fileRef = B1A2ECF124BC83ED005A0447 /* SDKError.swift */; };
		B1A2ECF424BD87B5005A0447 /* StringExtensions.swift in Sources */ = {isa = PBXBuildFile; fileRef = B1A2ECF324BD87B5005A0447 /* StringExtensions.swift */; };
		B1A2ECF624BD8CBD005A0447 /* AcceptedLanguagesParsingTests.swift in Sources */ = {isa = PBXBuildFile; fileRef = B1A2ECF524BD8CBD005A0447 /* AcceptedLanguagesParsingTests.swift */; };
		B1A2ECF824BD9D7B005A0447 /* VerificationMethodConfiguration.swift in Sources */ = {isa = PBXBuildFile; fileRef = B1A2ECF724BD9D7B005A0447 /* VerificationMethodConfiguration.swift */; };
		B1A2ECFA24BDA041005A0447 /* VerificationMethod.swift in Sources */ = {isa = PBXBuildFile; fileRef = B1A2ECF924BDA041005A0447 /* VerificationMethod.swift */; };
		B1A2ECFD24BDA59D005A0447 /* VerificationStateListener.swift in Sources */ = {isa = PBXBuildFile; fileRef = B1A2ECFC24BDA59D005A0447 /* VerificationStateListener.swift */; };
		B1A2ECFF24BDB3B0005A0447 /* VerificationMethodCallbacks.swift in Sources */ = {isa = PBXBuildFile; fileRef = B1A2ECFE24BDB3B0005A0447 /* VerificationMethodCallbacks.swift */; };
		B1A2ED0324BDCAC4005A0447 /* VerificationSourceType.swift in Sources */ = {isa = PBXBuildFile; fileRef = B1A2ED0224BDCAC4005A0447 /* VerificationSourceType.swift */; };
		B1A2ED0924BED4F5005A0447 /* VerificationIdentity.swift in Sources */ = {isa = PBXBuildFile; fileRef = B1A2ED0824BED4F5005A0447 /* VerificationIdentity.swift */; };
		B1A2ED0B24BED52B005A0447 /* VerificationIdentityType.swift in Sources */ = {isa = PBXBuildFile; fileRef = B1A2ED0A24BED52B005A0447 /* VerificationIdentityType.swift */; };
		B1A2ED0D24BED648005A0447 /* VerificationInitiationData.swift in Sources */ = {isa = PBXBuildFile; fileRef = B1A2ED0C24BED648005A0447 /* VerificationInitiationData.swift */; };
		B1A2ED1624BEE26E005A0447 /* EncodableExtensions.swift in Sources */ = {isa = PBXBuildFile; fileRef = B1A2ED1524BEE26E005A0447 /* EncodableExtensions.swift */; };
		B1A2ED2724C02CC3005A0447 /* LoggingMonitor.swift in Sources */ = {isa = PBXBuildFile; fileRef = B1A2ED2624C02CC3005A0447 /* LoggingMonitor.swift */; };
		B1A2ED2C24C059B1005A0447 /* VerificationMethodConfigCreatorParameters.swift in Sources */ = {isa = PBXBuildFile; fileRef = B1A2ED2B24C059B1005A0447 /* VerificationMethodConfigCreatorParameters.swift */; };
		B1A2ED2E24C05DE4005A0447 /* BaseVerificationMethodConfigBuilder.swift in Sources */ = {isa = PBXBuildFile; fileRef = B1A2ED2D24C05DE4005A0447 /* BaseVerificationMethodConfigBuilder.swift */; };
		B1E53B2124CEAE9600635AF0 /* VerificaitonLanguageTests.swift in Sources */ = {isa = PBXBuildFile; fileRef = B1E53B2024CEAE9600635AF0 /* VerificaitonLanguageTests.swift */; };
		B1EF433224B59D4D009BE30C /* VerificationCore.framework in Frameworks */ = {isa = PBXBuildFile; fileRef = B1EF432824B59D4D009BE30C /* VerificationCore.framework */; };
		B1EF433724B59D4D009BE30C /* AppKeyAuthorizationMethodTests.swift in Sources */ = {isa = PBXBuildFile; fileRef = B1EF433624B59D4D009BE30C /* AppKeyAuthorizationMethodTests.swift */; };
		B1EF433924B59D4D009BE30C /* VerificationCore.h in Headers */ = {isa = PBXBuildFile; fileRef = B1EF432B24B59D4D009BE30C /* VerificationCore.h */; settings = {ATTRIBUTES = (Public, ); }; };
		F6F735970B502FE00A0C5944 /* Pods_VerificationCore.framework in Frameworks */ = {isa = PBXBuildFile; fileRef = 05C19E47C723655238A7D3D0 /* Pods_VerificationCore.framework */; };
/* End PBXBuildFile section */

/* Begin PBXContainerItemProxy section */
		B1EF433324B59D4D009BE30C /* PBXContainerItemProxy */ = {
			isa = PBXContainerItemProxy;
			containerPortal = B1EF431F24B59D4D009BE30C /* Project object */;
			proxyType = 1;
			remoteGlobalIDString = B1EF432724B59D4D009BE30C;
			remoteInfo = VerificationCore;
		};
/* End PBXContainerItemProxy section */

/* Begin PBXFileReference section */
		05C19E47C723655238A7D3D0 /* Pods_VerificationCore.framework */ = {isa = PBXFileReference; explicitFileType = wrapper.framework; includeInIndex = 0; path = Pods_VerificationCore.framework; sourceTree = BUILT_PRODUCTS_DIR; };
		4D9D12C6207F5170C6BCFD7B /* Pods-VerificationCore.release.xcconfig */ = {isa = PBXFileReference; includeInIndex = 1; lastKnownFileType = text.xcconfig; name = "Pods-VerificationCore.release.xcconfig"; path = "Target Support Files/Pods-VerificationCore/Pods-VerificationCore.release.xcconfig"; sourceTree = "<group>"; };
		58D90E9974CE9D0A17C050B8 /* Pods-VerificationCoreTests.debug.xcconfig */ = {isa = PBXFileReference; includeInIndex = 1; lastKnownFileType = text.xcconfig; name = "Pods-VerificationCoreTests.debug.xcconfig"; path = "Target Support Files/Pods-VerificationCoreTests/Pods-VerificationCoreTests.debug.xcconfig"; sourceTree = "<group>"; };
		7C742B561159625A862BDF0A /* Pods-VerificationCore-VerificationCoreTests.debug.xcconfig */ = {isa = PBXFileReference; includeInIndex = 1; lastKnownFileType = text.xcconfig; name = "Pods-VerificationCore-VerificationCoreTests.debug.xcconfig"; path = "Target Support Files/Pods-VerificationCore-VerificationCoreTests/Pods-VerificationCore-VerificationCoreTests.debug.xcconfig"; sourceTree = "<group>"; };
		7F876789D25CE6032ED967D7 /* Pods_VerificationCore_VerificationCoreTests.framework */ = {isa = PBXFileReference; explicitFileType = wrapper.framework; includeInIndex = 0; path = Pods_VerificationCore_VerificationCoreTests.framework; sourceTree = BUILT_PRODUCTS_DIR; };
		B11AB75624C84F6900EAE990 /* MetadataCollector.framework */ = {isa = PBXFileReference; explicitFileType = wrapper.framework; path = MetadataCollector.framework; sourceTree = BUILT_PRODUCTS_DIR; };
		B15F701724D2C562009A2E40 /* VerificationInitData.swift */ = {isa = PBXFileReference; lastKnownFileType = sourcecode.swift; path = VerificationInitData.swift; sourceTree = "<group>"; };
		B17233E824C18E7100E35C9E /* ApiErrorData.swift */ = {isa = PBXFileReference; lastKnownFileType = sourcecode.swift; path = ApiErrorData.swift; sourceTree = "<group>"; };
		B17233EA24C1A4BB00E35C9E /* DataRequestsExtensions.swift */ = {isa = PBXFileReference; lastKnownFileType = sourcecode.swift; path = DataRequestsExtensions.swift; sourceTree = "<group>"; };
		B17233EC24C1A63B00E35C9E /* ApiResponse.swift */ = {isa = PBXFileReference; lastKnownFileType = sourcecode.swift; path = ApiResponse.swift; sourceTree = "<group>"; };
		B17233EE24C1A77300E35C9E /* DecodableExtensions.swift */ = {isa = PBXFileReference; lastKnownFileType = sourcecode.swift; path = DecodableExtensions.swift; sourceTree = "<group>"; };
		B17233F824C5A78A00E35C9E /* VerificationData.swift */ = {isa = PBXFileReference; lastKnownFileType = sourcecode.swift; path = VerificationData.swift; sourceTree = "<group>"; };
		B17233FA24C5ADA200E35C9E /* VerificationResponseData.swift */ = {isa = PBXFileReference; lastKnownFileType = sourcecode.swift; path = VerificationResponseData.swift; sourceTree = "<group>"; };
		B17233FC24C5ADE700E35C9E /* VerificationStatus.swift */ = {isa = PBXFileReference; lastKnownFileType = sourcecode.swift; path = VerificationStatus.swift; sourceTree = "<group>"; };
		B1A2ECC224B70732005A0447 /* AuthorizationMethod.swift */ = {isa = PBXFileReference; lastKnownFileType = sourcecode.swift; path = AuthorizationMethod.swift; sourceTree = "<group>"; };
		B1A2ECC424B70865005A0447 /* SinchSessionHandler.swift */ = {isa = PBXFileReference; lastKnownFileType = sourcecode.swift; path = SinchSessionHandler.swift; sourceTree = "<group>"; };
		B1A2ECC624B70BE1005A0447 /* AppKeyAuthorizationMethod.swift */ = {isa = PBXFileReference; lastKnownFileType = sourcecode.swift; path = AppKeyAuthorizationMethod.swift; sourceTree = "<group>"; };
		B1A2ECC924B70D68005A0447 /* HasApply.swift */ = {isa = PBXFileReference; lastKnownFileType = sourcecode.swift; path = HasApply.swift; sourceTree = "<group>"; };
		B1A2ECCB24B71734005A0447 /* ApiManager.swift */ = {isa = PBXFileReference; lastKnownFileType = sourcecode.swift; path = ApiManager.swift; sourceTree = "<group>"; };
		B1A2ECCD24B71A4A005A0447 /* SinchGlobalConfig.swift */ = {isa = PBXFileReference; lastKnownFileType = sourcecode.swift; path = SinchGlobalConfig.swift; sourceTree = "<group>"; };
		B1A2ECCF24B71AE9005A0447 /* ApiRouter.swift */ = {isa = PBXFileReference; lastKnownFileType = sourcecode.swift; path = ApiRouter.swift; sourceTree = "<group>"; };
		B1A2ECD124B71B4B005A0447 /* Constants.swift */ = {isa = PBXFileReference; lastKnownFileType = sourcecode.swift; path = Constants.swift; sourceTree = "<group>"; };
		B1A2ECD324B72C46005A0447 /* GlobalConfigCreator.swift */ = {isa = PBXFileReference; lastKnownFileType = sourcecode.swift; path = GlobalConfigCreator.swift; sourceTree = "<group>"; };
		B1A2ECD524B72D59005A0447 /* AuthorizationMethodSetter.swift */ = {isa = PBXFileReference; lastKnownFileType = sourcecode.swift; path = AuthorizationMethodSetter.swift; sourceTree = "<group>"; };
		B1A2ECD824BC2FC8005A0447 /* Verification.swift */ = {isa = PBXFileReference; lastKnownFileType = sourcecode.swift; path = Verification.swift; sourceTree = "<group>"; };
		B1A2ECDA24BC2FE4005A0447 /* VerificationState.swift */ = {isa = PBXFileReference; lastKnownFileType = sourcecode.swift; path = VerificationState.swift; sourceTree = "<group>"; };
		B1A2ECDC24BC3002005A0447 /* VerificationStateStatus.swift */ = {isa = PBXFileReference; lastKnownFileType = sourcecode.swift; path = VerificationStateStatus.swift; sourceTree = "<group>"; };
		B1A2ECDE24BC4D5E005A0447 /* VerificationStatesTests.swift */ = {isa = PBXFileReference; lastKnownFileType = sourcecode.swift; path = VerificationStatesTests.swift; sourceTree = "<group>"; };
		B1A2ECE124BC6314005A0447 /* VerificationListener.swift */ = {isa = PBXFileReference; lastKnownFileType = sourcecode.swift; path = VerificationListener.swift; sourceTree = "<group>"; };
		B1A2ECE424BC65DD005A0447 /* InitiationResponseData.swift */ = {isa = PBXFileReference; lastKnownFileType = sourcecode.swift; path = InitiationResponseData.swift; sourceTree = "<group>"; };
		B1A2ECE624BC661E005A0447 /* VerificationMethodType.swift */ = {isa = PBXFileReference; lastKnownFileType = sourcecode.swift; path = VerificationMethodType.swift; sourceTree = "<group>"; };
		B1A2ECE824BC695B005A0447 /* InitiationListener.swift */ = {isa = PBXFileReference; lastKnownFileType = sourcecode.swift; path = InitiationListener.swift; sourceTree = "<group>"; };
		B1A2ECED24BC71C8005A0447 /* VerificationMethodProperties.swift */ = {isa = PBXFileReference; lastKnownFileType = sourcecode.swift; path = VerificationMethodProperties.swift; sourceTree = "<group>"; };
		B1A2ECEF24BC7361005A0447 /* VerificationLanguage.swift */ = {isa = PBXFileReference; lastKnownFileType = sourcecode.swift; path = VerificationLanguage.swift; sourceTree = "<group>"; };
		B1A2ECF124BC83ED005A0447 /* SDKError.swift */ = {isa = PBXFileReference; lastKnownFileType = sourcecode.swift; path = SDKError.swift; sourceTree = "<group>"; };
		B1A2ECF324BD87B5005A0447 /* StringExtensions.swift */ = {isa = PBXFileReference; lastKnownFileType = sourcecode.swift; path = StringExtensions.swift; sourceTree = "<group>"; };
		B1A2ECF524BD8CBD005A0447 /* AcceptedLanguagesParsingTests.swift */ = {isa = PBXFileReference; lastKnownFileType = sourcecode.swift; path = AcceptedLanguagesParsingTests.swift; sourceTree = "<group>"; };
		B1A2ECF724BD9D7B005A0447 /* VerificationMethodConfiguration.swift */ = {isa = PBXFileReference; lastKnownFileType = sourcecode.swift; path = VerificationMethodConfiguration.swift; sourceTree = "<group>"; };
		B1A2ECF924BDA041005A0447 /* VerificationMethod.swift */ = {isa = PBXFileReference; lastKnownFileType = sourcecode.swift; path = VerificationMethod.swift; sourceTree = "<group>"; };
		B1A2ECFC24BDA59D005A0447 /* VerificationStateListener.swift */ = {isa = PBXFileReference; lastKnownFileType = sourcecode.swift; path = VerificationStateListener.swift; sourceTree = "<group>"; };
		B1A2ECFE24BDB3B0005A0447 /* VerificationMethodCallbacks.swift */ = {isa = PBXFileReference; lastKnownFileType = sourcecode.swift; path = VerificationMethodCallbacks.swift; sourceTree = "<group>"; };
		B1A2ED0224BDCAC4005A0447 /* VerificationSourceType.swift */ = {isa = PBXFileReference; lastKnownFileType = sourcecode.swift; path = VerificationSourceType.swift; sourceTree = "<group>"; };
		B1A2ED0824BED4F5005A0447 /* VerificationIdentity.swift */ = {isa = PBXFileReference; lastKnownFileType = sourcecode.swift; path = VerificationIdentity.swift; sourceTree = "<group>"; };
		B1A2ED0A24BED52B005A0447 /* VerificationIdentityType.swift */ = {isa = PBXFileReference; lastKnownFileType = sourcecode.swift; path = VerificationIdentityType.swift; sourceTree = "<group>"; };
		B1A2ED0C24BED648005A0447 /* VerificationInitiationData.swift */ = {isa = PBXFileReference; lastKnownFileType = sourcecode.swift; path = VerificationInitiationData.swift; sourceTree = "<group>"; };
		B1A2ED1524BEE26E005A0447 /* EncodableExtensions.swift */ = {isa = PBXFileReference; lastKnownFileType = sourcecode.swift; path = EncodableExtensions.swift; sourceTree = "<group>"; };
		B1A2ED2624C02CC3005A0447 /* LoggingMonitor.swift */ = {isa = PBXFileReference; lastKnownFileType = sourcecode.swift; path = LoggingMonitor.swift; sourceTree = "<group>"; };
		B1A2ED2B24C059B1005A0447 /* VerificationMethodConfigCreatorParameters.swift */ = {isa = PBXFileReference; lastKnownFileType = sourcecode.swift; path = VerificationMethodConfigCreatorParameters.swift; sourceTree = "<group>"; };
		B1A2ED2D24C05DE4005A0447 /* BaseVerificationMethodConfigBuilder.swift */ = {isa = PBXFileReference; lastKnownFileType = sourcecode.swift; path = BaseVerificationMethodConfigBuilder.swift; sourceTree = "<group>"; };
		B1E53B2024CEAE9600635AF0 /* VerificaitonLanguageTests.swift */ = {isa = PBXFileReference; lastKnownFileType = sourcecode.swift; path = VerificaitonLanguageTests.swift; sourceTree = "<group>"; };
		B1EF432824B59D4D009BE30C /* VerificationCore.framework */ = {isa = PBXFileReference; explicitFileType = wrapper.framework; includeInIndex = 0; path = VerificationCore.framework; sourceTree = BUILT_PRODUCTS_DIR; };
		B1EF432B24B59D4D009BE30C /* VerificationCore.h */ = {isa = PBXFileReference; lastKnownFileType = sourcecode.c.h; path = VerificationCore.h; sourceTree = "<group>"; };
		B1EF432C24B59D4D009BE30C /* Info.plist */ = {isa = PBXFileReference; lastKnownFileType = text.plist.xml; path = Info.plist; sourceTree = "<group>"; };
		B1EF433124B59D4D009BE30C /* VerificationCoreTests.xctest */ = {isa = PBXFileReference; explicitFileType = wrapper.cfbundle; includeInIndex = 0; path = VerificationCoreTests.xctest; sourceTree = BUILT_PRODUCTS_DIR; };
		B1EF433624B59D4D009BE30C /* AppKeyAuthorizationMethodTests.swift */ = {isa = PBXFileReference; lastKnownFileType = sourcecode.swift; path = AppKeyAuthorizationMethodTests.swift; sourceTree = "<group>"; };
		B1EF433824B59D4D009BE30C /* Info.plist */ = {isa = PBXFileReference; lastKnownFileType = text.plist.xml; path = Info.plist; sourceTree = "<group>"; };
		BC5BFE77C3F72DF18D41AE7F /* Pods-VerificationCore-VerificationCoreTests.release.xcconfig */ = {isa = PBXFileReference; includeInIndex = 1; lastKnownFileType = text.xcconfig; name = "Pods-VerificationCore-VerificationCoreTests.release.xcconfig"; path = "Target Support Files/Pods-VerificationCore-VerificationCoreTests/Pods-VerificationCore-VerificationCoreTests.release.xcconfig"; sourceTree = "<group>"; };
		E6C4F4477437276B6098E46B /* Pods-VerificationCore.debug.xcconfig */ = {isa = PBXFileReference; includeInIndex = 1; lastKnownFileType = text.xcconfig; name = "Pods-VerificationCore.debug.xcconfig"; path = "Target Support Files/Pods-VerificationCore/Pods-VerificationCore.debug.xcconfig"; sourceTree = "<group>"; };
		F391AE9A4788D9BEBFA6978D /* Pods-VerificationCoreTests.release.xcconfig */ = {isa = PBXFileReference; includeInIndex = 1; lastKnownFileType = text.xcconfig; name = "Pods-VerificationCoreTests.release.xcconfig"; path = "Target Support Files/Pods-VerificationCoreTests/Pods-VerificationCoreTests.release.xcconfig"; sourceTree = "<group>"; };
/* End PBXFileReference section */

/* Begin PBXFrameworksBuildPhase section */
		B1EF432524B59D4D009BE30C /* Frameworks */ = {
			isa = PBXFrameworksBuildPhase;
			buildActionMask = 2147483647;
			files = (
				F6F735970B502FE00A0C5944 /* Pods_VerificationCore.framework in Frameworks */,
				B11AB75724C84F6900EAE990 /* MetadataCollector.framework in Frameworks */,
			);
			runOnlyForDeploymentPostprocessing = 0;
		};
		B1EF432E24B59D4D009BE30C /* Frameworks */ = {
			isa = PBXFrameworksBuildPhase;
			buildActionMask = 2147483647;
			files = (
				B1EF433224B59D4D009BE30C /* VerificationCore.framework in Frameworks */,
				8028B1E0289D668D7E2619B6 /* Pods_VerificationCore_VerificationCoreTests.framework in Frameworks */,
			);
			runOnlyForDeploymentPostprocessing = 0;
		};
/* End PBXFrameworksBuildPhase section */

/* Begin PBXGroup section */
		0641B938DFCDF97A05CFCEED /* Frameworks */ = {
			isa = PBXGroup;
			children = (
				B11AB75624C84F6900EAE990 /* MetadataCollector.framework */,
				05C19E47C723655238A7D3D0 /* Pods_VerificationCore.framework */,
				7F876789D25CE6032ED967D7 /* Pods_VerificationCore_VerificationCoreTests.framework */,
			);
			name = Frameworks;
			sourceTree = "<group>";
		};
		A8268122453A699BD77A8C71 /* Pods */ = {
			isa = PBXGroup;
			children = (
				E6C4F4477437276B6098E46B /* Pods-VerificationCore.debug.xcconfig */,
				4D9D12C6207F5170C6BCFD7B /* Pods-VerificationCore.release.xcconfig */,
				58D90E9974CE9D0A17C050B8 /* Pods-VerificationCoreTests.debug.xcconfig */,
				F391AE9A4788D9BEBFA6978D /* Pods-VerificationCoreTests.release.xcconfig */,
				7C742B561159625A862BDF0A /* Pods-VerificationCore-VerificationCoreTests.debug.xcconfig */,
				BC5BFE77C3F72DF18D41AE7F /* Pods-VerificationCore-VerificationCoreTests.release.xcconfig */,
			);
			name = Pods;
			path = ../Pods;
			sourceTree = "<group>";
		};
		B1A2ECAE24B5BA3E005A0447 /* Classes */ = {
			isa = PBXGroup;
			children = (
				B1A2ECD724BC2F81005A0447 /* Process */,
				B1A2ECC024B703D9005A0447 /* Network */,
				B1A2ECBF24B7035C005A0447 /* Global */,
				B1A2ECC824B70D4A005A0447 /* Extensions */,
				B1A2ECD124B71B4B005A0447 /* Constants.swift */,
				B15F701724D2C562009A2E40 /* VerificationInitData.swift */,
			);
			path = Classes;
			sourceTree = "<group>";
		};
		B1A2ECBF24B7035C005A0447 /* Global */ = {
			isa = PBXGroup;
			children = (
				B1A2ECCD24B71A4A005A0447 /* SinchGlobalConfig.swift */,
				B1A2ECD324B72C46005A0447 /* GlobalConfigCreator.swift */,
				B1A2ECD524B72D59005A0447 /* AuthorizationMethodSetter.swift */,
			);
			path = Global;
			sourceTree = "<group>";
		};
		B1A2ECC024B703D9005A0447 /* Network */ = {
			isa = PBXGroup;
			children = (
				B17233E824C18E7100E35C9E /* ApiErrorData.swift */,
				B1A2ECC124B70717005A0447 /* Auth */,
				B1A2ECCB24B71734005A0447 /* ApiManager.swift */,
				B1A2ECCF24B71AE9005A0447 /* ApiRouter.swift */,
				B1A2ED2624C02CC3005A0447 /* LoggingMonitor.swift */,
				B17233EC24C1A63B00E35C9E /* ApiResponse.swift */,
			);
			path = Network;
			sourceTree = "<group>";
		};
		B1A2ECC124B70717005A0447 /* Auth */ = {
			isa = PBXGroup;
			children = (
				B1A2ECC224B70732005A0447 /* AuthorizationMethod.swift */,
				B1A2ECC424B70865005A0447 /* SinchSessionHandler.swift */,
				B1A2ECC624B70BE1005A0447 /* AppKeyAuthorizationMethod.swift */,
			);
			path = Auth;
			sourceTree = "<group>";
		};
		B1A2ECC824B70D4A005A0447 /* Extensions */ = {
			isa = PBXGroup;
			children = (
				B1A2ECC924B70D68005A0447 /* HasApply.swift */,
				B1A2ECF324BD87B5005A0447 /* StringExtensions.swift */,
				B1A2ED1524BEE26E005A0447 /* EncodableExtensions.swift */,
				B17233EA24C1A4BB00E35C9E /* DataRequestsExtensions.swift */,
				B17233EE24C1A77300E35C9E /* DecodableExtensions.swift */,
			);
			path = Extensions;
			sourceTree = "<group>";
		};
		B1A2ECD724BC2F81005A0447 /* Process */ = {
			isa = PBXGroup;
			children = (
				B1A2ECFB24BDA584005A0447 /* State */,
				B1A2ECEC24BC701F005A0447 /* Configuration */,
				B1A2ECE324BC65BA005A0447 /* Initiation */,
				B1A2ECE024BC628D005A0447 /* Verification */,
				B1A2ECD824BC2FC8005A0447 /* Verification.swift */,
				B1A2ECE624BC661E005A0447 /* VerificationMethodType.swift */,
				B1A2ECF124BC83ED005A0447 /* SDKError.swift */,
				B1A2ECF924BDA041005A0447 /* VerificationMethod.swift */,
				B1A2ECFE24BDB3B0005A0447 /* VerificationMethodCallbacks.swift */,
			);
			path = Process;
			sourceTree = "<group>";
		};
		B1A2ECE024BC628D005A0447 /* Verification */ = {
			isa = PBXGroup;
			children = (
				B1A2ECE124BC6314005A0447 /* VerificationListener.swift */,
				B1A2ED0224BDCAC4005A0447 /* VerificationSourceType.swift */,
				B17233F824C5A78A00E35C9E /* VerificationData.swift */,
				B17233FA24C5ADA200E35C9E /* VerificationResponseData.swift */,
				B17233FC24C5ADE700E35C9E /* VerificationStatus.swift */,
			);
			path = Verification;
			sourceTree = "<group>";
		};
		B1A2ECE324BC65BA005A0447 /* Initiation */ = {
			isa = PBXGroup;
			children = (
				B1A2ECE424BC65DD005A0447 /* InitiationResponseData.swift */,
				B1A2ECE824BC695B005A0447 /* InitiationListener.swift */,
				B1A2ED0C24BED648005A0447 /* VerificationInitiationData.swift */,
			);
			path = Initiation;
			sourceTree = "<group>";
		};
		B1A2ECEC24BC701F005A0447 /* Configuration */ = {
			isa = PBXGroup;
			children = (
				B1A2ED2A24C05987005A0447 /* Method */,
				B1A2ECED24BC71C8005A0447 /* VerificationMethodProperties.swift */,
				B1A2ECEF24BC7361005A0447 /* VerificationLanguage.swift */,
				B1A2ECF724BD9D7B005A0447 /* VerificationMethodConfiguration.swift */,
				B1A2ED0824BED4F5005A0447 /* VerificationIdentity.swift */,
				B1A2ED0A24BED52B005A0447 /* VerificationIdentityType.swift */,
			);
			path = Configuration;
			sourceTree = "<group>";
		};
		B1A2ECFB24BDA584005A0447 /* State */ = {
			isa = PBXGroup;
			children = (
				B1A2ECDA24BC2FE4005A0447 /* VerificationState.swift */,
				B1A2ECDC24BC3002005A0447 /* VerificationStateStatus.swift */,
				B1A2ECFC24BDA59D005A0447 /* VerificationStateListener.swift */,
			);
			path = State;
			sourceTree = "<group>";
		};
		B1A2ED2A24C05987005A0447 /* Method */ = {
			isa = PBXGroup;
			children = (
				B1A2ED2B24C059B1005A0447 /* VerificationMethodConfigCreatorParameters.swift */,
				B1A2ED2D24C05DE4005A0447 /* BaseVerificationMethodConfigBuilder.swift */,
			);
			path = Method;
			sourceTree = "<group>";
		};
		B1E53B1D24CEAE4200635AF0 /* VerificationLanguage */ = {
			isa = PBXGroup;
			children = (
				B1A2ECF524BD8CBD005A0447 /* AcceptedLanguagesParsingTests.swift */,
				B1E53B2024CEAE9600635AF0 /* VerificaitonLanguageTests.swift */,
			);
			path = VerificationLanguage;
			sourceTree = "<group>";
		};
		B1EF431E24B59D4D009BE30C = {
			isa = PBXGroup;
			children = (
				B1EF432A24B59D4D009BE30C /* VerificationCore */,
				B1EF433524B59D4D009BE30C /* VerificationCoreTests */,
				B1EF432924B59D4D009BE30C /* Products */,
				A8268122453A699BD77A8C71 /* Pods */,
				0641B938DFCDF97A05CFCEED /* Frameworks */,
			);
			sourceTree = "<group>";
		};
		B1EF432924B59D4D009BE30C /* Products */ = {
			isa = PBXGroup;
			children = (
				B1EF432824B59D4D009BE30C /* VerificationCore.framework */,
				B1EF433124B59D4D009BE30C /* VerificationCoreTests.xctest */,
			);
			name = Products;
			sourceTree = "<group>";
		};
		B1EF432A24B59D4D009BE30C /* VerificationCore */ = {
			isa = PBXGroup;
			children = (
				B1A2ECAE24B5BA3E005A0447 /* Classes */,
				B1EF432B24B59D4D009BE30C /* VerificationCore.h */,
				B1EF432C24B59D4D009BE30C /* Info.plist */,
			);
			path = VerificationCore;
			sourceTree = "<group>";
		};
		B1EF433524B59D4D009BE30C /* VerificationCoreTests */ = {
			isa = PBXGroup;
			children = (
				B1E53B1D24CEAE4200635AF0 /* VerificationLanguage */,
				B1EF433624B59D4D009BE30C /* AppKeyAuthorizationMethodTests.swift */,
				B1A2ECDE24BC4D5E005A0447 /* VerificationStatesTests.swift */,
				B1EF433824B59D4D009BE30C /* Info.plist */,
			);
			path = VerificationCoreTests;
			sourceTree = "<group>";
		};
/* End PBXGroup section */

/* Begin PBXHeadersBuildPhase section */
		B1EF432324B59D4D009BE30C /* Headers */ = {
			isa = PBXHeadersBuildPhase;
			buildActionMask = 2147483647;
			files = (
				B1EF433924B59D4D009BE30C /* VerificationCore.h in Headers */,
			);
			runOnlyForDeploymentPostprocessing = 0;
		};
/* End PBXHeadersBuildPhase section */

/* Begin PBXNativeTarget section */
		B1EF432724B59D4D009BE30C /* VerificationCore */ = {
			isa = PBXNativeTarget;
			buildConfigurationList = B1EF433C24B59D4D009BE30C /* Build configuration list for PBXNativeTarget "VerificationCore" */;
			buildPhases = (
				90BFB51ACAEC1B26D0377C1C /* [CP] Check Pods Manifest.lock */,
				B1EF432324B59D4D009BE30C /* Headers */,
				B1EF432424B59D4D009BE30C /* Sources */,
				B1EF432524B59D4D009BE30C /* Frameworks */,
				B1EF432624B59D4D009BE30C /* Resources */,
			);
			buildRules = (
			);
			dependencies = (
			);
			name = VerificationCore;
			productName = VerificationCore;
			productReference = B1EF432824B59D4D009BE30C /* VerificationCore.framework */;
			productType = "com.apple.product-type.framework";
		};
		B1EF433024B59D4D009BE30C /* VerificationCoreTests */ = {
			isa = PBXNativeTarget;
			buildConfigurationList = B1EF433F24B59D4D009BE30C /* Build configuration list for PBXNativeTarget "VerificationCoreTests" */;
			buildPhases = (
				633FD6AC26DC38F16F889D76 /* [CP] Check Pods Manifest.lock */,
				B1EF432D24B59D4D009BE30C /* Sources */,
				B1EF432E24B59D4D009BE30C /* Frameworks */,
				B1EF432F24B59D4D009BE30C /* Resources */,
				3724F85CC7D276401FD32B8C /* [CP] Embed Pods Frameworks */,
			);
			buildRules = (
			);
			dependencies = (
				B1EF433424B59D4D009BE30C /* PBXTargetDependency */,
			);
			name = VerificationCoreTests;
			productName = VerificationCoreTests;
			productReference = B1EF433124B59D4D009BE30C /* VerificationCoreTests.xctest */;
			productType = "com.apple.product-type.bundle.unit-test";
		};
/* End PBXNativeTarget section */

/* Begin PBXProject section */
		B1EF431F24B59D4D009BE30C /* Project object */ = {
			isa = PBXProject;
			attributes = {
				LastSwiftUpdateCheck = 1150;
				LastUpgradeCheck = 1150;
				ORGANIZATIONNAME = "Aleksander Wojcik";
				TargetAttributes = {
					B1EF432724B59D4D009BE30C = {
						CreatedOnToolsVersion = 11.5;
						LastSwiftMigration = 1150;
					};
					B1EF433024B59D4D009BE30C = {
						CreatedOnToolsVersion = 11.5;
					};
				};
			};
			buildConfigurationList = B1EF432224B59D4D009BE30C /* Build configuration list for PBXProject "VerificationCore" */;
			compatibilityVersion = "Xcode 9.3";
			developmentRegion = en;
			hasScannedForEncodings = 0;
			knownRegions = (
				en,
				Base,
			);
			mainGroup = B1EF431E24B59D4D009BE30C;
			productRefGroup = B1EF432924B59D4D009BE30C /* Products */;
			projectDirPath = "";
			projectRoot = "";
			targets = (
				B1EF432724B59D4D009BE30C /* VerificationCore */,
				B1EF433024B59D4D009BE30C /* VerificationCoreTests */,
			);
		};
/* End PBXProject section */

/* Begin PBXResourcesBuildPhase section */
		B1EF432624B59D4D009BE30C /* Resources */ = {
			isa = PBXResourcesBuildPhase;
			buildActionMask = 2147483647;
			files = (
			);
			runOnlyForDeploymentPostprocessing = 0;
		};
		B1EF432F24B59D4D009BE30C /* Resources */ = {
			isa = PBXResourcesBuildPhase;
			buildActionMask = 2147483647;
			files = (
			);
			runOnlyForDeploymentPostprocessing = 0;
		};
/* End PBXResourcesBuildPhase section */

/* Begin PBXShellScriptBuildPhase section */
		3724F85CC7D276401FD32B8C /* [CP] Embed Pods Frameworks */ = {
			isa = PBXShellScriptBuildPhase;
			buildActionMask = 2147483647;
			files = (
			);
			inputFileListPaths = (
				"${PODS_ROOT}/Target Support Files/Pods-VerificationCore-VerificationCoreTests/Pods-VerificationCore-VerificationCoreTests-frameworks-${CONFIGURATION}-input-files.xcfilelist",
			);
			name = "[CP] Embed Pods Frameworks";
			outputFileListPaths = (
				"${PODS_ROOT}/Target Support Files/Pods-VerificationCore-VerificationCoreTests/Pods-VerificationCore-VerificationCoreTests-frameworks-${CONFIGURATION}-output-files.xcfilelist",
			);
			runOnlyForDeploymentPostprocessing = 0;
			shellPath = /bin/sh;
			shellScript = "\"${PODS_ROOT}/Target Support Files/Pods-VerificationCore-VerificationCoreTests/Pods-VerificationCore-VerificationCoreTests-frameworks.sh\"\n";
			showEnvVarsInLog = 0;
		};
		633FD6AC26DC38F16F889D76 /* [CP] Check Pods Manifest.lock */ = {
			isa = PBXShellScriptBuildPhase;
			buildActionMask = 2147483647;
			files = (
			);
			inputFileListPaths = (
			);
			inputPaths = (
				"${PODS_PODFILE_DIR_PATH}/Podfile.lock",
				"${PODS_ROOT}/Manifest.lock",
			);
			name = "[CP] Check Pods Manifest.lock";
			outputFileListPaths = (
			);
			outputPaths = (
				"$(DERIVED_FILE_DIR)/Pods-VerificationCore-VerificationCoreTests-checkManifestLockResult.txt",
			);
			runOnlyForDeploymentPostprocessing = 0;
			shellPath = /bin/sh;
			shellScript = "diff \"${PODS_PODFILE_DIR_PATH}/Podfile.lock\" \"${PODS_ROOT}/Manifest.lock\" > /dev/null\nif [ $? != 0 ] ; then\n    # print error to STDERR\n    echo \"error: The sandbox is not in sync with the Podfile.lock. Run 'pod install' or update your CocoaPods installation.\" >&2\n    exit 1\nfi\n# This output is used by Xcode 'outputs' to avoid re-running this script phase.\necho \"SUCCESS\" > \"${SCRIPT_OUTPUT_FILE_0}\"\n";
			showEnvVarsInLog = 0;
		};
		90BFB51ACAEC1B26D0377C1C /* [CP] Check Pods Manifest.lock */ = {
			isa = PBXShellScriptBuildPhase;
			buildActionMask = 2147483647;
			files = (
			);
			inputFileListPaths = (
			);
			inputPaths = (
				"${PODS_PODFILE_DIR_PATH}/Podfile.lock",
				"${PODS_ROOT}/Manifest.lock",
			);
			name = "[CP] Check Pods Manifest.lock";
			outputFileListPaths = (
			);
			outputPaths = (
				"$(DERIVED_FILE_DIR)/Pods-VerificationCore-checkManifestLockResult.txt",
			);
			runOnlyForDeploymentPostprocessing = 0;
			shellPath = /bin/sh;
			shellScript = "diff \"${PODS_PODFILE_DIR_PATH}/Podfile.lock\" \"${PODS_ROOT}/Manifest.lock\" > /dev/null\nif [ $? != 0 ] ; then\n    # print error to STDERR\n    echo \"error: The sandbox is not in sync with the Podfile.lock. Run 'pod install' or update your CocoaPods installation.\" >&2\n    exit 1\nfi\n# This output is used by Xcode 'outputs' to avoid re-running this script phase.\necho \"SUCCESS\" > \"${SCRIPT_OUTPUT_FILE_0}\"\n";
			showEnvVarsInLog = 0;
		};
/* End PBXShellScriptBuildPhase section */

/* Begin PBXSourcesBuildPhase section */
		B1EF432424B59D4D009BE30C /* Sources */ = {
			isa = PBXSourcesBuildPhase;
			buildActionMask = 2147483647;
			files = (
				B1A2ECF824BD9D7B005A0447 /* VerificationMethodConfiguration.swift in Sources */,
				B1A2ED1624BEE26E005A0447 /* EncodableExtensions.swift in Sources */,
				B17233FD24C5ADE700E35C9E /* VerificationStatus.swift in Sources */,
				B1A2ECF024BC7361005A0447 /* VerificationLanguage.swift in Sources */,
				B1A2ECC324B70732005A0447 /* AuthorizationMethod.swift in Sources */,
				B1A2ECE524BC65DD005A0447 /* InitiationResponseData.swift in Sources */,
				B1A2ECDD24BC3002005A0447 /* VerificationStateStatus.swift in Sources */,
				B1A2ED0324BDCAC4005A0447 /* VerificationSourceType.swift in Sources */,
				B1A2ECC524B70865005A0447 /* SinchSessionHandler.swift in Sources */,
				B1A2ED2C24C059B1005A0447 /* VerificationMethodConfigCreatorParameters.swift in Sources */,
				B1A2ECFA24BDA041005A0447 /* VerificationMethod.swift in Sources */,
				B1A2ECF424BD87B5005A0447 /* StringExtensions.swift in Sources */,
				B17233E924C18E7100E35C9E /* ApiErrorData.swift in Sources */,
				B17233F924C5A78A00E35C9E /* VerificationData.swift in Sources */,
				B1A2ED0D24BED648005A0447 /* VerificationInitiationData.swift in Sources */,
				B1A2ECCC24B71734005A0447 /* ApiManager.swift in Sources */,
				B17233EB24C1A4BB00E35C9E /* DataRequestsExtensions.swift in Sources */,
				B1A2ECFD24BDA59D005A0447 /* VerificationStateListener.swift in Sources */,
				B17233FB24C5ADA200E35C9E /* VerificationResponseData.swift in Sources */,
				B1A2ECC724B70BE1005A0447 /* AppKeyAuthorizationMethod.swift in Sources */,
				B1A2ECCE24B71A4A005A0447 /* SinchGlobalConfig.swift in Sources */,
				B1A2ED0924BED4F5005A0447 /* VerificationIdentity.swift in Sources */,
				B1A2ECD924BC2FC8005A0447 /* Verification.swift in Sources */,
				B1A2ECF224BC83ED005A0447 /* SDKError.swift in Sources */,
				B17233EF24C1A77300E35C9E /* DecodableExtensions.swift in Sources */,
				B1A2ECD624B72D59005A0447 /* AuthorizationMethodSetter.swift in Sources */,
				B1A2ECCA24B70D68005A0447 /* HasApply.swift in Sources */,
				B1A2ECD024B71AE9005A0447 /* ApiRouter.swift in Sources */,
				B1A2ECE924BC695B005A0447 /* InitiationListener.swift in Sources */,
				B1A2ECD424B72C46005A0447 /* GlobalConfigCreator.swift in Sources */,
				B1A2ECDB24BC2FE4005A0447 /* VerificationState.swift in Sources */,
				B1A2ED0B24BED52B005A0447 /* VerificationIdentityType.swift in Sources */,
				B1A2ECE724BC661E005A0447 /* VerificationMethodType.swift in Sources */,
				B1A2ED2724C02CC3005A0447 /* LoggingMonitor.swift in Sources */,
				B15F701824D2C562009A2E40 /* VerificationInitData.swift in Sources */,
				B1A2ECE224BC6314005A0447 /* VerificationListener.swift in Sources */,
				B1A2ED2E24C05DE4005A0447 /* BaseVerificationMethodConfigBuilder.swift in Sources */,
				B1A2ECEE24BC71C8005A0447 /* VerificationMethodProperties.swift in Sources */,
				B17233ED24C1A63B00E35C9E /* ApiResponse.swift in Sources */,
				B1A2ECFF24BDB3B0005A0447 /* VerificationMethodCallbacks.swift in Sources */,
				B1A2ECD224B71B4B005A0447 /* Constants.swift in Sources */,
			);
			runOnlyForDeploymentPostprocessing = 0;
		};
		B1EF432D24B59D4D009BE30C /* Sources */ = {
			isa = PBXSourcesBuildPhase;
			buildActionMask = 2147483647;
			files = (
				B1E53B2124CEAE9600635AF0 /* VerificaitonLanguageTests.swift in Sources */,
				B1A2ECDF24BC4D5E005A0447 /* VerificationStatesTests.swift in Sources */,
				B1A2ECF624BD8CBD005A0447 /* AcceptedLanguagesParsingTests.swift in Sources */,
				B1EF433724B59D4D009BE30C /* AppKeyAuthorizationMethodTests.swift in Sources */,
			);
			runOnlyForDeploymentPostprocessing = 0;
		};
/* End PBXSourcesBuildPhase section */

/* Begin PBXTargetDependency section */
		B1EF433424B59D4D009BE30C /* PBXTargetDependency */ = {
			isa = PBXTargetDependency;
			target = B1EF432724B59D4D009BE30C /* VerificationCore */;
			targetProxy = B1EF433324B59D4D009BE30C /* PBXContainerItemProxy */;
		};
/* End PBXTargetDependency section */

/* Begin XCBuildConfiguration section */
		B1EF433A24B59D4D009BE30C /* Debug */ = {
			isa = XCBuildConfiguration;
			buildSettings = {
				ALWAYS_SEARCH_USER_PATHS = NO;
				CLANG_ANALYZER_NONNULL = YES;
				CLANG_ANALYZER_NUMBER_OBJECT_CONVERSION = YES_AGGRESSIVE;
				CLANG_CXX_LANGUAGE_STANDARD = "gnu++14";
				CLANG_CXX_LIBRARY = "libc++";
				CLANG_ENABLE_MODULES = YES;
				CLANG_ENABLE_OBJC_ARC = YES;
				CLANG_ENABLE_OBJC_WEAK = YES;
				CLANG_WARN_BLOCK_CAPTURE_AUTORELEASING = YES;
				CLANG_WARN_BOOL_CONVERSION = YES;
				CLANG_WARN_COMMA = YES;
				CLANG_WARN_CONSTANT_CONVERSION = YES;
				CLANG_WARN_DEPRECATED_OBJC_IMPLEMENTATIONS = YES;
				CLANG_WARN_DIRECT_OBJC_ISA_USAGE = YES_ERROR;
				CLANG_WARN_DOCUMENTATION_COMMENTS = YES;
				CLANG_WARN_EMPTY_BODY = YES;
				CLANG_WARN_ENUM_CONVERSION = YES;
				CLANG_WARN_INFINITE_RECURSION = YES;
				CLANG_WARN_INT_CONVERSION = YES;
				CLANG_WARN_NON_LITERAL_NULL_CONVERSION = YES;
				CLANG_WARN_OBJC_IMPLICIT_RETAIN_SELF = YES;
				CLANG_WARN_OBJC_LITERAL_CONVERSION = YES;
				CLANG_WARN_OBJC_ROOT_CLASS = YES_ERROR;
				CLANG_WARN_RANGE_LOOP_ANALYSIS = YES;
				CLANG_WARN_STRICT_PROTOTYPES = YES;
				CLANG_WARN_SUSPICIOUS_MOVE = YES;
				CLANG_WARN_UNGUARDED_AVAILABILITY = YES_AGGRESSIVE;
				CLANG_WARN_UNREACHABLE_CODE = YES;
				CLANG_WARN__DUPLICATE_METHOD_MATCH = YES;
				COPY_PHASE_STRIP = NO;
				CURRENT_PROJECT_VERSION = 1;
				DEBUG_INFORMATION_FORMAT = dwarf;
				ENABLE_STRICT_OBJC_MSGSEND = YES;
				ENABLE_TESTABILITY = YES;
				GCC_C_LANGUAGE_STANDARD = gnu11;
				GCC_DYNAMIC_NO_PIC = NO;
				GCC_NO_COMMON_BLOCKS = YES;
				GCC_OPTIMIZATION_LEVEL = 0;
				GCC_PREPROCESSOR_DEFINITIONS = (
					"DEBUG=1",
					"$(inherited)",
				);
				GCC_WARN_64_TO_32_BIT_CONVERSION = YES;
				GCC_WARN_ABOUT_RETURN_TYPE = YES_ERROR;
				GCC_WARN_UNDECLARED_SELECTOR = YES;
				GCC_WARN_UNINITIALIZED_AUTOS = YES_AGGRESSIVE;
				GCC_WARN_UNUSED_FUNCTION = YES;
				GCC_WARN_UNUSED_VARIABLE = YES;
				IPHONEOS_DEPLOYMENT_TARGET = 13.5;
				MTL_ENABLE_DEBUG_INFO = INCLUDE_SOURCE;
				MTL_FAST_MATH = YES;
				ONLY_ACTIVE_ARCH = YES;
				SDKROOT = iphoneos;
				SWIFT_ACTIVE_COMPILATION_CONDITIONS = DEBUG;
				SWIFT_OPTIMIZATION_LEVEL = "-Onone";
				VERSIONING_SYSTEM = "apple-generic";
				VERSION_INFO_PREFIX = "";
			};
			name = Debug;
		};
		B1EF433B24B59D4D009BE30C /* Release */ = {
			isa = XCBuildConfiguration;
			buildSettings = {
				ALWAYS_SEARCH_USER_PATHS = NO;
				CLANG_ANALYZER_NONNULL = YES;
				CLANG_ANALYZER_NUMBER_OBJECT_CONVERSION = YES_AGGRESSIVE;
				CLANG_CXX_LANGUAGE_STANDARD = "gnu++14";
				CLANG_CXX_LIBRARY = "libc++";
				CLANG_ENABLE_MODULES = YES;
				CLANG_ENABLE_OBJC_ARC = YES;
				CLANG_ENABLE_OBJC_WEAK = YES;
				CLANG_WARN_BLOCK_CAPTURE_AUTORELEASING = YES;
				CLANG_WARN_BOOL_CONVERSION = YES;
				CLANG_WARN_COMMA = YES;
				CLANG_WARN_CONSTANT_CONVERSION = YES;
				CLANG_WARN_DEPRECATED_OBJC_IMPLEMENTATIONS = YES;
				CLANG_WARN_DIRECT_OBJC_ISA_USAGE = YES_ERROR;
				CLANG_WARN_DOCUMENTATION_COMMENTS = YES;
				CLANG_WARN_EMPTY_BODY = YES;
				CLANG_WARN_ENUM_CONVERSION = YES;
				CLANG_WARN_INFINITE_RECURSION = YES;
				CLANG_WARN_INT_CONVERSION = YES;
				CLANG_WARN_NON_LITERAL_NULL_CONVERSION = YES;
				CLANG_WARN_OBJC_IMPLICIT_RETAIN_SELF = YES;
				CLANG_WARN_OBJC_LITERAL_CONVERSION = YES;
				CLANG_WARN_OBJC_ROOT_CLASS = YES_ERROR;
				CLANG_WARN_RANGE_LOOP_ANALYSIS = YES;
				CLANG_WARN_STRICT_PROTOTYPES = YES;
				CLANG_WARN_SUSPICIOUS_MOVE = YES;
				CLANG_WARN_UNGUARDED_AVAILABILITY = YES_AGGRESSIVE;
				CLANG_WARN_UNREACHABLE_CODE = YES;
				CLANG_WARN__DUPLICATE_METHOD_MATCH = YES;
				COPY_PHASE_STRIP = NO;
				CURRENT_PROJECT_VERSION = 1;
				DEBUG_INFORMATION_FORMAT = "dwarf-with-dsym";
				ENABLE_NS_ASSERTIONS = NO;
				ENABLE_STRICT_OBJC_MSGSEND = YES;
				GCC_C_LANGUAGE_STANDARD = gnu11;
				GCC_NO_COMMON_BLOCKS = YES;
				GCC_WARN_64_TO_32_BIT_CONVERSION = YES;
				GCC_WARN_ABOUT_RETURN_TYPE = YES_ERROR;
				GCC_WARN_UNDECLARED_SELECTOR = YES;
				GCC_WARN_UNINITIALIZED_AUTOS = YES_AGGRESSIVE;
				GCC_WARN_UNUSED_FUNCTION = YES;
				GCC_WARN_UNUSED_VARIABLE = YES;
				IPHONEOS_DEPLOYMENT_TARGET = 13.5;
				MTL_ENABLE_DEBUG_INFO = NO;
				MTL_FAST_MATH = YES;
				SDKROOT = iphoneos;
				SWIFT_COMPILATION_MODE = wholemodule;
				SWIFT_OPTIMIZATION_LEVEL = "-O";
				VALIDATE_PRODUCT = YES;
				VERSIONING_SYSTEM = "apple-generic";
				VERSION_INFO_PREFIX = "";
			};
			name = Release;
		};
		B1EF433D24B59D4D009BE30C /* Debug */ = {
			isa = XCBuildConfiguration;
			baseConfigurationReference = E6C4F4477437276B6098E46B /* Pods-VerificationCore.debug.xcconfig */;
			buildSettings = {
				API_URL = "https://verificationapi-v1.sinch.com/";
				CLANG_ENABLE_MODULES = YES;
				CODE_SIGN_STYLE = Automatic;
				DEFINES_MODULE = YES;
				DYLIB_COMPATIBILITY_VERSION = 1;
				DYLIB_CURRENT_VERSION = 1;
				DYLIB_INSTALL_NAME_BASE = "@rpath";
				INFOPLIST_FILE = VerificationCore/Info.plist;
				INSTALL_PATH = "$(LOCAL_LIBRARY_DIR)/Frameworks";
				LD_RUNPATH_SEARCH_PATHS = (
					"$(inherited)",
					"@executable_path/Frameworks",
					"@loader_path/Frameworks",
				);
				PRODUCT_BUNDLE_IDENTIFIER = com.sinch.VerificationCore;
				PRODUCT_NAME = "$(TARGET_NAME:c99extidentifier)";
				SKIP_INSTALL = YES;
				SWIFT_OPTIMIZATION_LEVEL = "-Onone";
				SWIFT_VERSION = 5.0;
				TARGETED_DEVICE_FAMILY = "1,2";
			};
			name = Debug;
		};
		B1EF433E24B59D4D009BE30C /* Release */ = {
			isa = XCBuildConfiguration;
			baseConfigurationReference = 4D9D12C6207F5170C6BCFD7B /* Pods-VerificationCore.release.xcconfig */;
			buildSettings = {
				API_URL = "https://verificationapi-v1.sinch.com/";
				CLANG_ENABLE_MODULES = YES;
				CODE_SIGN_STYLE = Automatic;
				DEFINES_MODULE = YES;
				DYLIB_COMPATIBILITY_VERSION = 1;
				DYLIB_CURRENT_VERSION = 1;
				DYLIB_INSTALL_NAME_BASE = "@rpath";
				INFOPLIST_FILE = VerificationCore/Info.plist;
				INSTALL_PATH = "$(LOCAL_LIBRARY_DIR)/Frameworks";
				LD_RUNPATH_SEARCH_PATHS = (
					"$(inherited)",
					"@executable_path/Frameworks",
					"@loader_path/Frameworks",
				);
				PRODUCT_BUNDLE_IDENTIFIER = com.sinch.VerificationCore;
				PRODUCT_NAME = "$(TARGET_NAME:c99extidentifier)";
				SKIP_INSTALL = YES;
				SWIFT_VERSION = 5.0;
				TARGETED_DEVICE_FAMILY = "1,2";
			};
			name = Release;
		};
		B1EF434024B59D4D009BE30C /* Debug */ = {
			isa = XCBuildConfiguration;
			baseConfigurationReference = 7C742B561159625A862BDF0A /* Pods-VerificationCore-VerificationCoreTests.debug.xcconfig */;
			buildSettings = {
				ALWAYS_EMBED_SWIFT_STANDARD_LIBRARIES = "$(inherited)";
				CODE_SIGN_STYLE = Automatic;
				INFOPLIST_FILE = VerificationCoreTests/Info.plist;
				LD_RUNPATH_SEARCH_PATHS = (
					"$(inherited)",
					"@executable_path/Frameworks",
					"@loader_path/Frameworks",
				);
				PRODUCT_BUNDLE_IDENTIFIER = com.sinch.VerificationCoreTests;
				PRODUCT_NAME = "$(TARGET_NAME)";
				SWIFT_VERSION = 5.0;
				TARGETED_DEVICE_FAMILY = "1,2";
			};
			name = Debug;
		};
		B1EF434124B59D4D009BE30C /* Release */ = {
			isa = XCBuildConfiguration;
			baseConfigurationReference = BC5BFE77C3F72DF18D41AE7F /* Pods-VerificationCore-VerificationCoreTests.release.xcconfig */;
			buildSettings = {
				ALWAYS_EMBED_SWIFT_STANDARD_LIBRARIES = "$(inherited)";
				CODE_SIGN_STYLE = Automatic;
				INFOPLIST_FILE = VerificationCoreTests/Info.plist;
				LD_RUNPATH_SEARCH_PATHS = (
					"$(inherited)",
					"@executable_path/Frameworks",
					"@loader_path/Frameworks",
				);
				PRODUCT_BUNDLE_IDENTIFIER = com.sinch.VerificationCoreTests;
				PRODUCT_NAME = "$(TARGET_NAME)";
				SWIFT_VERSION = 5.0;
				TARGETED_DEVICE_FAMILY = "1,2";
			};
			name = Release;
		};
/* End XCBuildConfiguration section */

/* Begin XCConfigurationList section */
		B1EF432224B59D4D009BE30C /* Build configuration list for PBXProject "VerificationCore" */ = {
			isa = XCConfigurationList;
			buildConfigurations = (
				B1EF433A24B59D4D009BE30C /* Debug */,
				B1EF433B24B59D4D009BE30C /* Release */,
			);
			defaultConfigurationIsVisible = 0;
			defaultConfigurationName = Release;
		};
		B1EF433C24B59D4D009BE30C /* Build configuration list for PBXNativeTarget "VerificationCore" */ = {
			isa = XCConfigurationList;
			buildConfigurations = (
				B1EF433D24B59D4D009BE30C /* Debug */,
				B1EF433E24B59D4D009BE30C /* Release */,
			);
			defaultConfigurationIsVisible = 0;
			defaultConfigurationName = Release;
		};
		B1EF433F24B59D4D009BE30C /* Build configuration list for PBXNativeTarget "VerificationCoreTests" */ = {
			isa = XCConfigurationList;
			buildConfigurations = (
				B1EF434024B59D4D009BE30C /* Debug */,
				B1EF434124B59D4D009BE30C /* Release */,
			);
			defaultConfigurationIsVisible = 0;
			defaultConfigurationName = Release;
		};
/* End XCConfigurationList section */
	};
	rootObject = B1EF431F24B59D4D009BE30C /* Project object */;
}
